// !$*UTF8*$!
{
	archiveVersion = 1;
	classes = {
	};
	objectVersion = 46;
	objects = {

/* Begin PBXAggregateTarget section */
		65A876D81BE65FAF00E26F22 /* Generate Swift */ = {
			isa = PBXAggregateTarget;
			buildConfigurationList = 65A876D91BE65FAF00E26F22 /* Build configuration list for PBXAggregateTarget "Generate Swift" */;
			buildPhases = (
				65A876DC1BE65FDA00E26F22 /* Generate Currency Type */,
			);
			dependencies = (
			);
			name = "Generate Swift";
			productName = "Generate Swift";
		};
/* End PBXAggregateTarget section */

/* Begin PBXBuildFile section */
		6553909D1C037A1A00610C6F /* LocaleTests.swift in Sources */ = {isa = PBXBuildFile; fileRef = 6553909C1C037A1A00610C6F /* LocaleTests.swift */; };
		6553909E1C037A1A00610C6F /* LocaleTests.swift in Sources */ = {isa = PBXBuildFile; fileRef = 6553909C1C037A1A00610C6F /* LocaleTests.swift */; };
		6553909F1C037A1A00610C6F /* LocaleTests.swift in Sources */ = {isa = PBXBuildFile; fileRef = 6553909C1C037A1A00610C6F /* LocaleTests.swift */; };
		65579F8C1C01F0C100C3F8C7 /* DecimalNumberTypeTests.swift in Sources */ = {isa = PBXBuildFile; fileRef = 65579F8B1C01F0C100C3F8C7 /* DecimalNumberTypeTests.swift */; };
		65579F8D1C01F0C100C3F8C7 /* DecimalNumberTypeTests.swift in Sources */ = {isa = PBXBuildFile; fileRef = 65579F8B1C01F0C100C3F8C7 /* DecimalNumberTypeTests.swift */; };
		65579F8E1C01F0C100C3F8C7 /* DecimalNumberTypeTests.swift in Sources */ = {isa = PBXBuildFile; fileRef = 65579F8B1C01F0C100C3F8C7 /* DecimalNumberTypeTests.swift */; };
		65579FB61C0228EB00C3F8C7 /* Locale.swift in Sources */ = {isa = PBXBuildFile; fileRef = 65579FB51C0228EB00C3F8C7 /* Locale.swift */; };
		65579FB71C0228EB00C3F8C7 /* Locale.swift in Sources */ = {isa = PBXBuildFile; fileRef = 65579FB51C0228EB00C3F8C7 /* Locale.swift */; };
		65579FB81C0228EB00C3F8C7 /* Locale.swift in Sources */ = {isa = PBXBuildFile; fileRef = 65579FB51C0228EB00C3F8C7 /* Locale.swift */; };
		65579FB91C0228EB00C3F8C7 /* Locale.swift in Sources */ = {isa = PBXBuildFile; fileRef = 65579FB51C0228EB00C3F8C7 /* Locale.swift */; };
		65579FC61C0288A300C3F8C7 /* AutogeneratedTests.swift in Sources */ = {isa = PBXBuildFile; fileRef = 65579FC51C0288A300C3F8C7 /* AutogeneratedTests.swift */; };
		65579FC71C0288A300C3F8C7 /* AutogeneratedTests.swift in Sources */ = {isa = PBXBuildFile; fileRef = 65579FC51C0288A300C3F8C7 /* AutogeneratedTests.swift */; };
		65579FC81C0288A300C3F8C7 /* AutogeneratedTests.swift in Sources */ = {isa = PBXBuildFile; fileRef = 65579FC51C0288A300C3F8C7 /* AutogeneratedTests.swift */; };
		6557F4C71BEB7F32003CD2BF /* ValueCoding.framework in Frameworks */ = {isa = PBXBuildFile; fileRef = 6557F4C61BEB7F32003CD2BF /* ValueCoding.framework */; };
		6557F4C91BEB7F3D003CD2BF /* ValueCoding.framework in Frameworks */ = {isa = PBXBuildFile; fileRef = 6557F4C81BEB7F3D003CD2BF /* ValueCoding.framework */; };
		6557F4CB1BEB7F46003CD2BF /* ValueCoding.framework in Frameworks */ = {isa = PBXBuildFile; fileRef = 6557F4CA1BEB7F46003CD2BF /* ValueCoding.framework */; };
		6557F4CD1BEB7F51003CD2BF /* ValueCoding.framework in Frameworks */ = {isa = PBXBuildFile; fileRef = 6557F4CC1BEB7F51003CD2BF /* ValueCoding.framework */; };
		65882AFB1C6CB02C0056E00B /* Bitcoin.swift in Sources */ = {isa = PBXBuildFile; fileRef = 65882AFA1C6CAF9A0056E00B /* Bitcoin.swift */; };
		65882AFC1C6CB02D0056E00B /* Bitcoin.swift in Sources */ = {isa = PBXBuildFile; fileRef = 65882AFA1C6CAF9A0056E00B /* Bitcoin.swift */; };
		65882AFD1C6CB02D0056E00B /* Bitcoin.swift in Sources */ = {isa = PBXBuildFile; fileRef = 65882AFA1C6CAF9A0056E00B /* Bitcoin.swift */; };
		65882AFE1C6CB02E0056E00B /* Bitcoin.swift in Sources */ = {isa = PBXBuildFile; fileRef = 65882AFA1C6CAF9A0056E00B /* Bitcoin.swift */; };
		65B92ADE1BE0E4A700F82024 /* Money.framework in Frameworks */ = {isa = PBXBuildFile; fileRef = 65B92AD31BE0E4A700F82024 /* Money.framework */; };
		65B92B071BE0E4D800F82024 /* Money.framework in Frameworks */ = {isa = PBXBuildFile; fileRef = 65B92AFD1BE0E4D800F82024 /* Money.framework */; };
		65B92B231BE0E4E700F82024 /* Money.framework in Frameworks */ = {isa = PBXBuildFile; fileRef = 65B92B191BE0E4E700F82024 /* Money.framework */; };
		65B92B351BE0E51E00F82024 /* Money.h in Headers */ = {isa = PBXBuildFile; fileRef = 65B92B331BE0E51E00F82024 /* Money.h */; settings = {ATTRIBUTES = (Public, ); }; };
		65B92B3C1BE0E70500F82024 /* Money.h in Headers */ = {isa = PBXBuildFile; fileRef = 65B92B331BE0E51E00F82024 /* Money.h */; settings = {ATTRIBUTES = (Public, ); }; };
		65B92B3D1BE0E70500F82024 /* Money.h in Headers */ = {isa = PBXBuildFile; fileRef = 65B92B331BE0E51E00F82024 /* Money.h */; settings = {ATTRIBUTES = (Public, ); }; };
		65B92B3E1BE0E70600F82024 /* Money.h in Headers */ = {isa = PBXBuildFile; fileRef = 65B92B331BE0E51E00F82024 /* Money.h */; settings = {ATTRIBUTES = (Public, ); }; };
		65DD22AE1BFA10F10054F62D /* BitcoinTests.swift in Sources */ = {isa = PBXBuildFile; fileRef = 65DD22A01BFA10DF0054F62D /* BitcoinTests.swift */; };
		65DD22AF1BFA10F10054F62D /* DecimalTests.swift in Sources */ = {isa = PBXBuildFile; fileRef = 65DD22A11BFA10DF0054F62D /* DecimalTests.swift */; };
		65DD22B31BFA10F10054F62D /* MoneyTests.swift in Sources */ = {isa = PBXBuildFile; fileRef = 65DD22AA1BFA10DF0054F62D /* MoneyTests.swift */; };
		65DD22B41BFA10F10054F62D /* NSDecimalNumberTests.swift in Sources */ = {isa = PBXBuildFile; fileRef = 65DD22AB1BFA10DF0054F62D /* NSDecimalNumberTests.swift */; };
		65DD22B51BFA10F10054F62D /* NSDecimalTests.swift in Sources */ = {isa = PBXBuildFile; fileRef = 65DD22AC1BFA10DF0054F62D /* NSDecimalTests.swift */; };
		65DD22B61BFA10F20054F62D /* BitcoinTests.swift in Sources */ = {isa = PBXBuildFile; fileRef = 65DD22A01BFA10DF0054F62D /* BitcoinTests.swift */; };
		65DD22B71BFA10F20054F62D /* DecimalTests.swift in Sources */ = {isa = PBXBuildFile; fileRef = 65DD22A11BFA10DF0054F62D /* DecimalTests.swift */; };
		65DD22BB1BFA10F20054F62D /* MoneyTests.swift in Sources */ = {isa = PBXBuildFile; fileRef = 65DD22AA1BFA10DF0054F62D /* MoneyTests.swift */; };
		65DD22BC1BFA10F20054F62D /* NSDecimalNumberTests.swift in Sources */ = {isa = PBXBuildFile; fileRef = 65DD22AB1BFA10DF0054F62D /* NSDecimalNumberTests.swift */; };
		65DD22BD1BFA10F20054F62D /* NSDecimalTests.swift in Sources */ = {isa = PBXBuildFile; fileRef = 65DD22AC1BFA10DF0054F62D /* NSDecimalTests.swift */; };
		65DD22BE1BFA10F30054F62D /* BitcoinTests.swift in Sources */ = {isa = PBXBuildFile; fileRef = 65DD22A01BFA10DF0054F62D /* BitcoinTests.swift */; };
		65DD22BF1BFA10F30054F62D /* DecimalTests.swift in Sources */ = {isa = PBXBuildFile; fileRef = 65DD22A11BFA10DF0054F62D /* DecimalTests.swift */; };
		65DD22C31BFA10F30054F62D /* MoneyTests.swift in Sources */ = {isa = PBXBuildFile; fileRef = 65DD22AA1BFA10DF0054F62D /* MoneyTests.swift */; };
		65DD22C41BFA10F30054F62D /* NSDecimalNumberTests.swift in Sources */ = {isa = PBXBuildFile; fileRef = 65DD22AB1BFA10DF0054F62D /* NSDecimalNumberTests.swift */; };
		65DD22C51BFA10F30054F62D /* NSDecimalTests.swift in Sources */ = {isa = PBXBuildFile; fileRef = 65DD22AC1BFA10DF0054F62D /* NSDecimalTests.swift */; };
		65DD22C61BFA10F60054F62D /* ApplePayTests.swift in Sources */ = {isa = PBXBuildFile; fileRef = 65DD229E1BFA10DF0054F62D /* ApplePayTests.swift */; };
		65DEE3351BFA0F370043A718 /* ApplePay.swift in Sources */ = {isa = PBXBuildFile; fileRef = 65DEE3251BFA0F370043A718 /* ApplePay.swift */; };
		65DEE3391BFA0F370043A718 /* Autogenerated.swift in Sources */ = {isa = PBXBuildFile; fileRef = 65DEE3271BFA0F370043A718 /* Autogenerated.swift */; };
		65DEE33A1BFA0F370043A718 /* Autogenerated.swift in Sources */ = {isa = PBXBuildFile; fileRef = 65DEE3271BFA0F370043A718 /* Autogenerated.swift */; };
		65DEE33B1BFA0F370043A718 /* Autogenerated.swift in Sources */ = {isa = PBXBuildFile; fileRef = 65DEE3271BFA0F370043A718 /* Autogenerated.swift */; };
		65DEE33C1BFA0F370043A718 /* Autogenerated.swift in Sources */ = {isa = PBXBuildFile; fileRef = 65DEE3271BFA0F370043A718 /* Autogenerated.swift */; };
		65DEE33D1BFA0F370043A718 /* Currency.swift in Sources */ = {isa = PBXBuildFile; fileRef = 65DEE3281BFA0F370043A718 /* Currency.swift */; };
		65DEE33E1BFA0F370043A718 /* Currency.swift in Sources */ = {isa = PBXBuildFile; fileRef = 65DEE3281BFA0F370043A718 /* Currency.swift */; };
		65DEE33F1BFA0F370043A718 /* Currency.swift in Sources */ = {isa = PBXBuildFile; fileRef = 65DEE3281BFA0F370043A718 /* Currency.swift */; };
		65DEE3401BFA0F370043A718 /* Currency.swift in Sources */ = {isa = PBXBuildFile; fileRef = 65DEE3281BFA0F370043A718 /* Currency.swift */; };
		65DEE3411BFA0F370043A718 /* Decimal.swift in Sources */ = {isa = PBXBuildFile; fileRef = 65DEE32A1BFA0F370043A718 /* Decimal.swift */; };
		65DEE3421BFA0F370043A718 /* Decimal.swift in Sources */ = {isa = PBXBuildFile; fileRef = 65DEE32A1BFA0F370043A718 /* Decimal.swift */; };
		65DEE3431BFA0F370043A718 /* Decimal.swift in Sources */ = {isa = PBXBuildFile; fileRef = 65DEE32A1BFA0F370043A718 /* Decimal.swift */; };
		65DEE3441BFA0F370043A718 /* Decimal.swift in Sources */ = {isa = PBXBuildFile; fileRef = 65DEE32A1BFA0F370043A718 /* Decimal.swift */; };
		65DEE3451BFA0F370043A718 /* DecimalNumberType.swift in Sources */ = {isa = PBXBuildFile; fileRef = 65DEE32B1BFA0F370043A718 /* DecimalNumberType.swift */; };
		65DEE3461BFA0F370043A718 /* DecimalNumberType.swift in Sources */ = {isa = PBXBuildFile; fileRef = 65DEE32B1BFA0F370043A718 /* DecimalNumberType.swift */; };
		65DEE3471BFA0F370043A718 /* DecimalNumberType.swift in Sources */ = {isa = PBXBuildFile; fileRef = 65DEE32B1BFA0F370043A718 /* DecimalNumberType.swift */; };
		65DEE3481BFA0F370043A718 /* DecimalNumberType.swift in Sources */ = {isa = PBXBuildFile; fileRef = 65DEE32B1BFA0F370043A718 /* DecimalNumberType.swift */; };
		65DEE3491BFA0F370043A718 /* NSDecimalExtensions.swift in Sources */ = {isa = PBXBuildFile; fileRef = 65DEE32C1BFA0F370043A718 /* NSDecimalExtensions.swift */; };
		65DEE34A1BFA0F370043A718 /* NSDecimalExtensions.swift in Sources */ = {isa = PBXBuildFile; fileRef = 65DEE32C1BFA0F370043A718 /* NSDecimalExtensions.swift */; };
		65DEE34B1BFA0F370043A718 /* NSDecimalExtensions.swift in Sources */ = {isa = PBXBuildFile; fileRef = 65DEE32C1BFA0F370043A718 /* NSDecimalExtensions.swift */; };
		65DEE34C1BFA0F370043A718 /* NSDecimalExtensions.swift in Sources */ = {isa = PBXBuildFile; fileRef = 65DEE32C1BFA0F370043A718 /* NSDecimalExtensions.swift */; };
		65DEE34D1BFA0F370043A718 /* NSDecimalNumberExtensions.swift in Sources */ = {isa = PBXBuildFile; fileRef = 65DEE32D1BFA0F370043A718 /* NSDecimalNumberExtensions.swift */; };
		65DEE34E1BFA0F370043A718 /* NSDecimalNumberExtensions.swift in Sources */ = {isa = PBXBuildFile; fileRef = 65DEE32D1BFA0F370043A718 /* NSDecimalNumberExtensions.swift */; };
		65DEE34F1BFA0F370043A718 /* NSDecimalNumberExtensions.swift in Sources */ = {isa = PBXBuildFile; fileRef = 65DEE32D1BFA0F370043A718 /* NSDecimalNumberExtensions.swift */; };
		65DEE3501BFA0F370043A718 /* NSDecimalNumberExtensions.swift in Sources */ = {isa = PBXBuildFile; fileRef = 65DEE32D1BFA0F370043A718 /* NSDecimalNumberExtensions.swift */; };
		65DEE3611BFA0F370043A718 /* Money.swift in Sources */ = {isa = PBXBuildFile; fileRef = 65DEE3331BFA0F370043A718 /* Money.swift */; };
		65DEE3621BFA0F370043A718 /* Money.swift in Sources */ = {isa = PBXBuildFile; fileRef = 65DEE3331BFA0F370043A718 /* Money.swift */; };
		65DEE3631BFA0F370043A718 /* Money.swift in Sources */ = {isa = PBXBuildFile; fileRef = 65DEE3331BFA0F370043A718 /* Money.swift */; };
		65DEE3641BFA0F370043A718 /* Money.swift in Sources */ = {isa = PBXBuildFile; fileRef = 65DEE3331BFA0F370043A718 /* Money.swift */; };
		65DEE3651BFA0F370043A718 /* Support.swift in Sources */ = {isa = PBXBuildFile; fileRef = 65DEE3341BFA0F370043A718 /* Support.swift */; };
		65DEE3661BFA0F370043A718 /* Support.swift in Sources */ = {isa = PBXBuildFile; fileRef = 65DEE3341BFA0F370043A718 /* Support.swift */; };
		65DEE3671BFA0F370043A718 /* Support.swift in Sources */ = {isa = PBXBuildFile; fileRef = 65DEE3341BFA0F370043A718 /* Support.swift */; };
		65DEE3681BFA0F370043A718 /* Support.swift in Sources */ = {isa = PBXBuildFile; fileRef = 65DEE3341BFA0F370043A718 /* Support.swift */; };
/* End PBXBuildFile section */

/* Begin PBXContainerItemProxy section */
		65A876DD1BE65FF600E26F22 /* PBXContainerItemProxy */ = {
			isa = PBXContainerItemProxy;
			containerPortal = 65B92AC81BE0E46C00F82024 /* Project object */;
			proxyType = 1;
			remoteGlobalIDString = 65A876D81BE65FAF00E26F22;
			remoteInfo = "Generate Swift";
		};
		65A876DF1BE6600500E26F22 /* PBXContainerItemProxy */ = {
			isa = PBXContainerItemProxy;
			containerPortal = 65B92AC81BE0E46C00F82024 /* Project object */;
			proxyType = 1;
			remoteGlobalIDString = 65A876D81BE65FAF00E26F22;
			remoteInfo = "Generate Swift";
		};
		65A876E11BE6602800E26F22 /* PBXContainerItemProxy */ = {
			isa = PBXContainerItemProxy;
			containerPortal = 65B92AC81BE0E46C00F82024 /* Project object */;
			proxyType = 1;
			remoteGlobalIDString = 65A876D81BE65FAF00E26F22;
			remoteInfo = "Generate Swift";
		};
		65A876E31BE6603100E26F22 /* PBXContainerItemProxy */ = {
			isa = PBXContainerItemProxy;
			containerPortal = 65B92AC81BE0E46C00F82024 /* Project object */;
			proxyType = 1;
			remoteGlobalIDString = 65A876D81BE65FAF00E26F22;
			remoteInfo = "Generate Swift";
		};
		65B92ADF1BE0E4A700F82024 /* PBXContainerItemProxy */ = {
			isa = PBXContainerItemProxy;
			containerPortal = 65B92AC81BE0E46C00F82024 /* Project object */;
			proxyType = 1;
			remoteGlobalIDString = 65B92AD21BE0E4A700F82024;
			remoteInfo = "Money-iOS";
		};
		65B92B081BE0E4D800F82024 /* PBXContainerItemProxy */ = {
			isa = PBXContainerItemProxy;
			containerPortal = 65B92AC81BE0E46C00F82024 /* Project object */;
			proxyType = 1;
			remoteGlobalIDString = 65B92AFC1BE0E4D800F82024;
			remoteInfo = "Money-tvOS";
		};
		65B92B241BE0E4E700F82024 /* PBXContainerItemProxy */ = {
			isa = PBXContainerItemProxy;
			containerPortal = 65B92AC81BE0E46C00F82024 /* Project object */;
			proxyType = 1;
			remoteGlobalIDString = 65B92B181BE0E4E700F82024;
			remoteInfo = "Money-OSX";
		};
/* End PBXContainerItemProxy section */

/* Begin PBXFileReference section */
		6553909C1C037A1A00610C6F /* LocaleTests.swift */ = {isa = PBXFileReference; fileEncoding = 4; lastKnownFileType = sourcecode.swift; path = LocaleTests.swift; sourceTree = "<group>"; };
		65579F8B1C01F0C100C3F8C7 /* DecimalNumberTypeTests.swift */ = {isa = PBXFileReference; fileEncoding = 4; lastKnownFileType = sourcecode.swift; path = DecimalNumberTypeTests.swift; sourceTree = "<group>"; };
		65579FB51C0228EB00C3F8C7 /* Locale.swift */ = {isa = PBXFileReference; fileEncoding = 4; lastKnownFileType = sourcecode.swift; path = Locale.swift; sourceTree = "<group>"; };
		65579FC51C0288A300C3F8C7 /* AutogeneratedTests.swift */ = {isa = PBXFileReference; fileEncoding = 4; lastKnownFileType = sourcecode.swift; path = AutogeneratedTests.swift; sourceTree = "<group>"; };
		6557F4C61BEB7F32003CD2BF /* ValueCoding.framework */ = {isa = PBXFileReference; lastKnownFileType = wrapper.framework; name = ValueCoding.framework; path = Carthage/Build/iOS/ValueCoding.framework; sourceTree = "<group>"; };
		6557F4C81BEB7F3D003CD2BF /* ValueCoding.framework */ = {isa = PBXFileReference; lastKnownFileType = wrapper.framework; name = ValueCoding.framework; path = Carthage/Build/watchOS/ValueCoding.framework; sourceTree = "<group>"; };
		6557F4CA1BEB7F46003CD2BF /* ValueCoding.framework */ = {isa = PBXFileReference; lastKnownFileType = wrapper.framework; name = ValueCoding.framework; path = Carthage/Build/tvOS/ValueCoding.framework; sourceTree = "<group>"; };
		6557F4CC1BEB7F51003CD2BF /* ValueCoding.framework */ = {isa = PBXFileReference; lastKnownFileType = wrapper.framework; name = ValueCoding.framework; path = Carthage/Build/Mac/ValueCoding.framework; sourceTree = "<group>"; };
		65882AFA1C6CAF9A0056E00B /* Bitcoin.swift */ = {isa = PBXFileReference; fileEncoding = 4; lastKnownFileType = sourcecode.swift; path = Bitcoin.swift; sourceTree = "<group>"; };
		65A876D61BE6491800E26F22 /* Generate.swift */ = {isa = PBXFileReference; lastKnownFileType = sourcecode.swift; name = Generate.swift; path = "Supporting Files/Generate.swift"; sourceTree = SOURCE_ROOT; };
		65B92AD31BE0E4A700F82024 /* Money.framework */ = {isa = PBXFileReference; explicitFileType = wrapper.framework; includeInIndex = 0; path = Money.framework; sourceTree = BUILT_PRODUCTS_DIR; };
		65B92ADD1BE0E4A700F82024 /* Money-iOSTests.xctest */ = {isa = PBXFileReference; explicitFileType = wrapper.cfbundle; includeInIndex = 0; path = "Money-iOSTests.xctest"; sourceTree = BUILT_PRODUCTS_DIR; };
		65B92AF01BE0E4C800F82024 /* Money.framework */ = {isa = PBXFileReference; explicitFileType = wrapper.framework; includeInIndex = 0; path = Money.framework; sourceTree = BUILT_PRODUCTS_DIR; };
		65B92AFD1BE0E4D800F82024 /* Money.framework */ = {isa = PBXFileReference; explicitFileType = wrapper.framework; includeInIndex = 0; path = Money.framework; sourceTree = BUILT_PRODUCTS_DIR; };
		65B92B061BE0E4D800F82024 /* Money-tvOSTests.xctest */ = {isa = PBXFileReference; explicitFileType = wrapper.cfbundle; includeInIndex = 0; path = "Money-tvOSTests.xctest"; sourceTree = BUILT_PRODUCTS_DIR; };
		65B92B191BE0E4E700F82024 /* Money.framework */ = {isa = PBXFileReference; explicitFileType = wrapper.framework; includeInIndex = 0; path = Money.framework; sourceTree = BUILT_PRODUCTS_DIR; };
		65B92B221BE0E4E700F82024 /* Money-OSXTests.xctest */ = {isa = PBXFileReference; explicitFileType = wrapper.cfbundle; includeInIndex = 0; path = "Money-OSXTests.xctest"; sourceTree = BUILT_PRODUCTS_DIR; };
		65B92B321BE0E51E00F82024 /* Info.plist */ = {isa = PBXFileReference; fileEncoding = 4; lastKnownFileType = text.plist.xml; name = Info.plist; path = "Supporting Files/Info.plist"; sourceTree = SOURCE_ROOT; };
		65B92B331BE0E51E00F82024 /* Money.h */ = {isa = PBXFileReference; fileEncoding = 4; lastKnownFileType = sourcecode.c.h; name = Money.h; path = "Supporting Files/Money.h"; sourceTree = SOURCE_ROOT; };
		65B92B361BE0E57800F82024 /* Money.xcconfig */ = {isa = PBXFileReference; lastKnownFileType = text.xcconfig; name = Money.xcconfig; path = "Supporting Files/Money.xcconfig"; sourceTree = SOURCE_ROOT; };
		65B92B381BE0E69500F82024 /* Info.plist */ = {isa = PBXFileReference; fileEncoding = 4; lastKnownFileType = text.plist.xml; path = Info.plist; sourceTree = "<group>"; };
		65DD229E1BFA10DF0054F62D /* ApplePayTests.swift */ = {isa = PBXFileReference; fileEncoding = 4; lastKnownFileType = sourcecode.swift; path = ApplePayTests.swift; sourceTree = "<group>"; };
		65DD22A01BFA10DF0054F62D /* BitcoinTests.swift */ = {isa = PBXFileReference; fileEncoding = 4; lastKnownFileType = sourcecode.swift; path = BitcoinTests.swift; sourceTree = "<group>"; };
		65DD22A11BFA10DF0054F62D /* DecimalTests.swift */ = {isa = PBXFileReference; fileEncoding = 4; lastKnownFileType = sourcecode.swift; path = DecimalTests.swift; sourceTree = "<group>"; };
		65DD22AA1BFA10DF0054F62D /* MoneyTests.swift */ = {isa = PBXFileReference; fileEncoding = 4; lastKnownFileType = sourcecode.swift; path = MoneyTests.swift; sourceTree = "<group>"; };
		65DD22AB1BFA10DF0054F62D /* NSDecimalNumberTests.swift */ = {isa = PBXFileReference; fileEncoding = 4; lastKnownFileType = sourcecode.swift; path = NSDecimalNumberTests.swift; sourceTree = "<group>"; };
		65DD22AC1BFA10DF0054F62D /* NSDecimalTests.swift */ = {isa = PBXFileReference; fileEncoding = 4; lastKnownFileType = sourcecode.swift; path = NSDecimalTests.swift; sourceTree = "<group>"; };
		65DEE3251BFA0F370043A718 /* ApplePay.swift */ = {isa = PBXFileReference; fileEncoding = 4; lastKnownFileType = sourcecode.swift; path = ApplePay.swift; sourceTree = "<group>"; };
		65DEE3271BFA0F370043A718 /* Autogenerated.swift */ = {isa = PBXFileReference; fileEncoding = 4; lastKnownFileType = sourcecode.swift; path = Autogenerated.swift; sourceTree = "<group>"; };
		65DEE3281BFA0F370043A718 /* Currency.swift */ = {isa = PBXFileReference; fileEncoding = 4; lastKnownFileType = sourcecode.swift; path = Currency.swift; sourceTree = "<group>"; };
		65DEE32A1BFA0F370043A718 /* Decimal.swift */ = {isa = PBXFileReference; fileEncoding = 4; lastKnownFileType = sourcecode.swift; path = Decimal.swift; sourceTree = "<group>"; };
		65DEE32B1BFA0F370043A718 /* DecimalNumberType.swift */ = {isa = PBXFileReference; fileEncoding = 4; lastKnownFileType = sourcecode.swift; path = DecimalNumberType.swift; sourceTree = "<group>"; };
		65DEE32C1BFA0F370043A718 /* NSDecimalExtensions.swift */ = {isa = PBXFileReference; fileEncoding = 4; lastKnownFileType = sourcecode.swift; path = NSDecimalExtensions.swift; sourceTree = "<group>"; };
		65DEE32D1BFA0F370043A718 /* NSDecimalNumberExtensions.swift */ = {isa = PBXFileReference; fileEncoding = 4; lastKnownFileType = sourcecode.swift; path = NSDecimalNumberExtensions.swift; sourceTree = "<group>"; };
		65DEE3331BFA0F370043A718 /* Money.swift */ = {isa = PBXFileReference; fileEncoding = 4; lastKnownFileType = sourcecode.swift; path = Money.swift; sourceTree = "<group>"; };
		65DEE3341BFA0F370043A718 /* Support.swift */ = {isa = PBXFileReference; fileEncoding = 4; lastKnownFileType = sourcecode.swift; path = Support.swift; sourceTree = "<group>"; };
/* End PBXFileReference section */

/* Begin PBXFrameworksBuildPhase section */
		65B92ACF1BE0E4A700F82024 /* Frameworks */ = {
			isa = PBXFrameworksBuildPhase;
			buildActionMask = 2147483647;
			files = (
				6557F4C71BEB7F32003CD2BF /* ValueCoding.framework in Frameworks */,
			);
			runOnlyForDeploymentPostprocessing = 0;
		};
		65B92ADA1BE0E4A700F82024 /* Frameworks */ = {
			isa = PBXFrameworksBuildPhase;
			buildActionMask = 2147483647;
			files = (
				65B92ADE1BE0E4A700F82024 /* Money.framework in Frameworks */,
			);
			runOnlyForDeploymentPostprocessing = 0;
		};
		65B92AEC1BE0E4C800F82024 /* Frameworks */ = {
			isa = PBXFrameworksBuildPhase;
			buildActionMask = 2147483647;
			files = (
				6557F4C91BEB7F3D003CD2BF /* ValueCoding.framework in Frameworks */,
			);
			runOnlyForDeploymentPostprocessing = 0;
		};
		65B92AF91BE0E4D800F82024 /* Frameworks */ = {
			isa = PBXFrameworksBuildPhase;
			buildActionMask = 2147483647;
			files = (
				6557F4CB1BEB7F46003CD2BF /* ValueCoding.framework in Frameworks */,
			);
			runOnlyForDeploymentPostprocessing = 0;
		};
		65B92B031BE0E4D800F82024 /* Frameworks */ = {
			isa = PBXFrameworksBuildPhase;
			buildActionMask = 2147483647;
			files = (
				65B92B071BE0E4D800F82024 /* Money.framework in Frameworks */,
			);
			runOnlyForDeploymentPostprocessing = 0;
		};
		65B92B151BE0E4E700F82024 /* Frameworks */ = {
			isa = PBXFrameworksBuildPhase;
			buildActionMask = 2147483647;
			files = (
				6557F4CD1BEB7F51003CD2BF /* ValueCoding.framework in Frameworks */,
			);
			runOnlyForDeploymentPostprocessing = 0;
		};
		65B92B1F1BE0E4E700F82024 /* Frameworks */ = {
			isa = PBXFrameworksBuildPhase;
			buildActionMask = 2147483647;
			files = (
				65B92B231BE0E4E700F82024 /* Money.framework in Frameworks */,
			);
			runOnlyForDeploymentPostprocessing = 0;
		};
/* End PBXFrameworksBuildPhase section */

/* Begin PBXGroup section */
		65B92AC71BE0E46C00F82024 = {
			isa = PBXGroup;
			children = (
				65B92B301BE0E51E00F82024 /* Money */,
				65B92B371BE0E69500F82024 /* Tests */,
				65B92B311BE0E51E00F82024 /* Supporting Files */,
				65B92AD41BE0E4A700F82024 /* Products */,
				65D3055E1BE94FE10032D99F /* Dependencies */,
			);
			sourceTree = "<group>";
		};
		65B92AD41BE0E4A700F82024 /* Products */ = {
			isa = PBXGroup;
			children = (
				65B92AD31BE0E4A700F82024 /* Money.framework */,
				65B92ADD1BE0E4A700F82024 /* Money-iOSTests.xctest */,
				65B92AF01BE0E4C800F82024 /* Money.framework */,
				65B92AFD1BE0E4D800F82024 /* Money.framework */,
				65B92B061BE0E4D800F82024 /* Money-tvOSTests.xctest */,
				65B92B191BE0E4E700F82024 /* Money.framework */,
				65B92B221BE0E4E700F82024 /* Money-OSXTests.xctest */,
			);
			name = Products;
			sourceTree = "<group>";
		};
		65B92B301BE0E51E00F82024 /* Money */ = {
			isa = PBXGroup;
			children = (
				65DEE3241BFA0F370043A718 /* iOS */,
				65DEE3261BFA0F370043A718 /* Shared */,
			);
			path = Money;
			sourceTree = "<group>";
		};
		65B92B311BE0E51E00F82024 /* Supporting Files */ = {
			isa = PBXGroup;
			children = (
				65B92B331BE0E51E00F82024 /* Money.h */,
				65B92B321BE0E51E00F82024 /* Info.plist */,
				65A876D61BE6491800E26F22 /* Generate.swift */,
				65B92B361BE0E57800F82024 /* Money.xcconfig */,
			);
			name = "Supporting Files";
			path = "Money/Supporting Files";
			sourceTree = "<group>";
		};
		65B92B371BE0E69500F82024 /* Tests */ = {
			isa = PBXGroup;
			children = (
				65B92B381BE0E69500F82024 /* Info.plist */,
				65DD229D1BFA10DF0054F62D /* iOS */,
				65DD229F1BFA10DF0054F62D /* Shared */,
			);
			path = Tests;
			sourceTree = "<group>";
		};
		65D3055E1BE94FE10032D99F /* Dependencies */ = {
			isa = PBXGroup;
			children = (
				6557F4CC1BEB7F51003CD2BF /* ValueCoding.framework */,
				6557F4CA1BEB7F46003CD2BF /* ValueCoding.framework */,
				6557F4C81BEB7F3D003CD2BF /* ValueCoding.framework */,
				6557F4C61BEB7F32003CD2BF /* ValueCoding.framework */,
			);
			name = Dependencies;
			sourceTree = "<group>";
		};
		65DD229D1BFA10DF0054F62D /* iOS */ = {
			isa = PBXGroup;
			children = (
				65DD229E1BFA10DF0054F62D /* ApplePayTests.swift */,
			);
			path = iOS;
			sourceTree = "<group>";
		};
		65DD229F1BFA10DF0054F62D /* Shared */ = {
			isa = PBXGroup;
			children = (
				65579FC51C0288A300C3F8C7 /* AutogeneratedTests.swift */,
				65DD22A01BFA10DF0054F62D /* BitcoinTests.swift */,
				65579F8B1C01F0C100C3F8C7 /* DecimalNumberTypeTests.swift */,
				65DD22A11BFA10DF0054F62D /* DecimalTests.swift */,
				6553909C1C037A1A00610C6F /* LocaleTests.swift */,
				65DD22AA1BFA10DF0054F62D /* MoneyTests.swift */,
				65DD22AB1BFA10DF0054F62D /* NSDecimalNumberTests.swift */,
				65DD22AC1BFA10DF0054F62D /* NSDecimalTests.swift */,
			);
			path = Shared;
			sourceTree = "<group>";
		};
		65DEE3241BFA0F370043A718 /* iOS */ = {
			isa = PBXGroup;
			children = (
				65DEE3251BFA0F370043A718 /* ApplePay.swift */,
			);
			path = iOS;
			sourceTree = "<group>";
		};
		65DEE3261BFA0F370043A718 /* Shared */ = {
			isa = PBXGroup;
			children = (
				65DEE3271BFA0F370043A718 /* Autogenerated.swift */,
				65882AFA1C6CAF9A0056E00B /* Bitcoin.swift */,
				65DEE3281BFA0F370043A718 /* Currency.swift */,
				65579FB51C0228EB00C3F8C7 /* Locale.swift */,
				65DEE3331BFA0F370043A718 /* Money.swift */,
				65DEE3341BFA0F370043A718 /* Support.swift */,
				65DEE3291BFA0F370043A718 /* Decimal */,
			);
			path = Shared;
			sourceTree = "<group>";
		};
		65DEE3291BFA0F370043A718 /* Decimal */ = {
			isa = PBXGroup;
			children = (
				65DEE32A1BFA0F370043A718 /* Decimal.swift */,
				65DEE32B1BFA0F370043A718 /* DecimalNumberType.swift */,
				65DEE32C1BFA0F370043A718 /* NSDecimalExtensions.swift */,
				65DEE32D1BFA0F370043A718 /* NSDecimalNumberExtensions.swift */,
			);
			path = Decimal;
			sourceTree = "<group>";
		};
/* End PBXGroup section */

/* Begin PBXHeadersBuildPhase section */
		65B92AD01BE0E4A700F82024 /* Headers */ = {
			isa = PBXHeadersBuildPhase;
			buildActionMask = 2147483647;
			files = (
				65B92B351BE0E51E00F82024 /* Money.h in Headers */,
			);
			runOnlyForDeploymentPostprocessing = 0;
		};
		65B92AED1BE0E4C800F82024 /* Headers */ = {
			isa = PBXHeadersBuildPhase;
			buildActionMask = 2147483647;
			files = (
				65B92B3C1BE0E70500F82024 /* Money.h in Headers */,
			);
			runOnlyForDeploymentPostprocessing = 0;
		};
		65B92AFA1BE0E4D800F82024 /* Headers */ = {
			isa = PBXHeadersBuildPhase;
			buildActionMask = 2147483647;
			files = (
				65B92B3D1BE0E70500F82024 /* Money.h in Headers */,
			);
			runOnlyForDeploymentPostprocessing = 0;
		};
		65B92B161BE0E4E700F82024 /* Headers */ = {
			isa = PBXHeadersBuildPhase;
			buildActionMask = 2147483647;
			files = (
				65B92B3E1BE0E70600F82024 /* Money.h in Headers */,
			);
			runOnlyForDeploymentPostprocessing = 0;
		};
/* End PBXHeadersBuildPhase section */

/* Begin PBXNativeTarget section */
		65B92AD21BE0E4A700F82024 /* Money-iOS */ = {
			isa = PBXNativeTarget;
			buildConfigurationList = 65B92AE91BE0E4A700F82024 /* Build configuration list for PBXNativeTarget "Money-iOS" */;
			buildPhases = (
				65B92ACE1BE0E4A700F82024 /* Sources */,
				65B92ACF1BE0E4A700F82024 /* Frameworks */,
				65B92AD01BE0E4A700F82024 /* Headers */,
				65B92AD11BE0E4A700F82024 /* Resources */,
			);
			buildRules = (
			);
			dependencies = (
				65A876DE1BE65FF600E26F22 /* PBXTargetDependency */,
			);
			name = "Money-iOS";
			productName = "Money-iOS";
			productReference = 65B92AD31BE0E4A700F82024 /* Money.framework */;
			productType = "com.apple.product-type.framework";
		};
		65B92ADC1BE0E4A700F82024 /* Money-iOSTests */ = {
			isa = PBXNativeTarget;
			buildConfigurationList = 65B92AEA1BE0E4A700F82024 /* Build configuration list for PBXNativeTarget "Money-iOSTests" */;
			buildPhases = (
				65B92AD91BE0E4A700F82024 /* Sources */,
				65B92ADA1BE0E4A700F82024 /* Frameworks */,
				65B92ADB1BE0E4A700F82024 /* Resources */,
				65D305641BE955AE0032D99F /* Carthage Copy Frameworks */,
			);
			buildRules = (
			);
			dependencies = (
				65B92AE01BE0E4A700F82024 /* PBXTargetDependency */,
			);
			name = "Money-iOSTests";
			productName = "Money-iOSTests";
			productReference = 65B92ADD1BE0E4A700F82024 /* Money-iOSTests.xctest */;
			productType = "com.apple.product-type.bundle.unit-test";
		};
		65B92AEF1BE0E4C800F82024 /* Money-watchOS */ = {
			isa = PBXNativeTarget;
			buildConfigurationList = 65B92AF51BE0E4C800F82024 /* Build configuration list for PBXNativeTarget "Money-watchOS" */;
			buildPhases = (
				65B92AEB1BE0E4C800F82024 /* Sources */,
				65B92AEC1BE0E4C800F82024 /* Frameworks */,
				65B92AED1BE0E4C800F82024 /* Headers */,
				65B92AEE1BE0E4C800F82024 /* Resources */,
			);
			buildRules = (
			);
			dependencies = (
				65A876E01BE6600500E26F22 /* PBXTargetDependency */,
			);
			name = "Money-watchOS";
			productName = "Money-watchOS";
			productReference = 65B92AF01BE0E4C800F82024 /* Money.framework */;
			productType = "com.apple.product-type.framework";
		};
		65B92AFC1BE0E4D800F82024 /* Money-tvOS */ = {
			isa = PBXNativeTarget;
			buildConfigurationList = 65B92B0E1BE0E4D800F82024 /* Build configuration list for PBXNativeTarget "Money-tvOS" */;
			buildPhases = (
				65B92AF81BE0E4D800F82024 /* Sources */,
				65B92AF91BE0E4D800F82024 /* Frameworks */,
				65B92AFA1BE0E4D800F82024 /* Headers */,
				65B92AFB1BE0E4D800F82024 /* Resources */,
			);
			buildRules = (
			);
			dependencies = (
				65A876E21BE6602800E26F22 /* PBXTargetDependency */,
			);
			name = "Money-tvOS";
			productName = "Money-tvOS";
			productReference = 65B92AFD1BE0E4D800F82024 /* Money.framework */;
			productType = "com.apple.product-type.framework";
		};
		65B92B051BE0E4D800F82024 /* Money-tvOSTests */ = {
			isa = PBXNativeTarget;
			buildConfigurationList = 65B92B111BE0E4D800F82024 /* Build configuration list for PBXNativeTarget "Money-tvOSTests" */;
			buildPhases = (
				65B92B021BE0E4D800F82024 /* Sources */,
				65B92B031BE0E4D800F82024 /* Frameworks */,
				65B92B041BE0E4D800F82024 /* Resources */,
				65D305651BE956060032D99F /* Carthage Copy Frameworks */,
			);
			buildRules = (
			);
			dependencies = (
				65B92B091BE0E4D800F82024 /* PBXTargetDependency */,
			);
			name = "Money-tvOSTests";
			productName = "Money-tvOSTests";
			productReference = 65B92B061BE0E4D800F82024 /* Money-tvOSTests.xctest */;
			productType = "com.apple.product-type.bundle.unit-test";
		};
		65B92B181BE0E4E700F82024 /* Money-OSX */ = {
			isa = PBXNativeTarget;
			buildConfigurationList = 65B92B2A1BE0E4E700F82024 /* Build configuration list for PBXNativeTarget "Money-OSX" */;
			buildPhases = (
				65B92B141BE0E4E700F82024 /* Sources */,
				65B92B151BE0E4E700F82024 /* Frameworks */,
				65B92B161BE0E4E700F82024 /* Headers */,
				65B92B171BE0E4E700F82024 /* Resources */,
			);
			buildRules = (
			);
			dependencies = (
				65A876E41BE6603100E26F22 /* PBXTargetDependency */,
			);
			name = "Money-OSX";
			productName = "Money-OSX";
			productReference = 65B92B191BE0E4E700F82024 /* Money.framework */;
			productType = "com.apple.product-type.framework";
		};
		65B92B211BE0E4E700F82024 /* Money-OSXTests */ = {
			isa = PBXNativeTarget;
			buildConfigurationList = 65B92B2D1BE0E4E700F82024 /* Build configuration list for PBXNativeTarget "Money-OSXTests" */;
			buildPhases = (
				65B92B1E1BE0E4E700F82024 /* Sources */,
				65B92B1F1BE0E4E700F82024 /* Frameworks */,
				65B92B201BE0E4E700F82024 /* Resources */,
				65D305661BE956230032D99F /* Carthage Copy Frameworks */,
			);
			buildRules = (
			);
			dependencies = (
				65B92B251BE0E4E700F82024 /* PBXTargetDependency */,
			);
			name = "Money-OSXTests";
			productName = "Money-OSXTests";
			productReference = 65B92B221BE0E4E700F82024 /* Money-OSXTests.xctest */;
			productType = "com.apple.product-type.bundle.unit-test";
		};
/* End PBXNativeTarget section */

/* Begin PBXProject section */
		65B92AC81BE0E46C00F82024 /* Project object */ = {
			isa = PBXProject;
			attributes = {
				LastSwiftUpdateCheck = 0720;
				LastUpgradeCheck = 0720;
				TargetAttributes = {
					65A876D81BE65FAF00E26F22 = {
						CreatedOnToolsVersion = 7.1;
					};
					65B92AD21BE0E4A700F82024 = {
						CreatedOnToolsVersion = 7.1;
					};
					65B92ADC1BE0E4A700F82024 = {
						CreatedOnToolsVersion = 7.1;
					};
					65B92AEF1BE0E4C800F82024 = {
						CreatedOnToolsVersion = 7.1;
					};
					65B92AFC1BE0E4D800F82024 = {
						CreatedOnToolsVersion = 7.1;
					};
					65B92B051BE0E4D800F82024 = {
						CreatedOnToolsVersion = 7.1;
					};
					65B92B181BE0E4E700F82024 = {
						CreatedOnToolsVersion = 7.1;
					};
					65B92B211BE0E4E700F82024 = {
						CreatedOnToolsVersion = 7.1;
					};
				};
			};
			buildConfigurationList = 65B92ACB1BE0E46C00F82024 /* Build configuration list for PBXProject "Money" */;
			compatibilityVersion = "Xcode 3.2";
			developmentRegion = English;
			hasScannedForEncodings = 0;
			knownRegions = (
				en,
			);
			mainGroup = 65B92AC71BE0E46C00F82024;
			productRefGroup = 65B92AD41BE0E4A700F82024 /* Products */;
			projectDirPath = "";
			projectRoot = "";
			targets = (
				65A876D81BE65FAF00E26F22 /* Generate Swift */,
				65B92AD21BE0E4A700F82024 /* Money-iOS */,
				65B92ADC1BE0E4A700F82024 /* Money-iOSTests */,
				65B92AEF1BE0E4C800F82024 /* Money-watchOS */,
				65B92AFC1BE0E4D800F82024 /* Money-tvOS */,
				65B92B051BE0E4D800F82024 /* Money-tvOSTests */,
				65B92B181BE0E4E700F82024 /* Money-OSX */,
				65B92B211BE0E4E700F82024 /* Money-OSXTests */,
			);
		};
/* End PBXProject section */

/* Begin PBXResourcesBuildPhase section */
		65B92AD11BE0E4A700F82024 /* Resources */ = {
			isa = PBXResourcesBuildPhase;
			buildActionMask = 2147483647;
			files = (
			);
			runOnlyForDeploymentPostprocessing = 0;
		};
		65B92ADB1BE0E4A700F82024 /* Resources */ = {
			isa = PBXResourcesBuildPhase;
			buildActionMask = 2147483647;
			files = (
			);
			runOnlyForDeploymentPostprocessing = 0;
		};
		65B92AEE1BE0E4C800F82024 /* Resources */ = {
			isa = PBXResourcesBuildPhase;
			buildActionMask = 2147483647;
			files = (
			);
			runOnlyForDeploymentPostprocessing = 0;
		};
		65B92AFB1BE0E4D800F82024 /* Resources */ = {
			isa = PBXResourcesBuildPhase;
			buildActionMask = 2147483647;
			files = (
			);
			runOnlyForDeploymentPostprocessing = 0;
		};
		65B92B041BE0E4D800F82024 /* Resources */ = {
			isa = PBXResourcesBuildPhase;
			buildActionMask = 2147483647;
			files = (
			);
			runOnlyForDeploymentPostprocessing = 0;
		};
		65B92B171BE0E4E700F82024 /* Resources */ = {
			isa = PBXResourcesBuildPhase;
			buildActionMask = 2147483647;
			files = (
			);
			runOnlyForDeploymentPostprocessing = 0;
		};
		65B92B201BE0E4E700F82024 /* Resources */ = {
			isa = PBXResourcesBuildPhase;
			buildActionMask = 2147483647;
			files = (
			);
			runOnlyForDeploymentPostprocessing = 0;
		};
/* End PBXResourcesBuildPhase section */

/* Begin PBXShellScriptBuildPhase section */
		65A876DC1BE65FDA00E26F22 /* Generate Currency Type */ = {
			isa = PBXShellScriptBuildPhase;
			buildActionMask = 2147483647;
			files = (
			);
			inputPaths = (
				"$(SRCROOT)/Supporting Files/Generate.swift",
			);
			name = "Generate Currency Type";
			outputPaths = (
				"$(SRCROOT)/Money/Shared/Autogenerated.swift",
				"$(SRCROOT)/Tests/Shared/AutogeneratedTests.swift",
			);
			runOnlyForDeploymentPostprocessing = 0;
			shellPath = /bin/sh;
			shellScript = "\"$SCRIPT_INPUT_FILE_0\" \"$SCRIPT_OUTPUT_FILE_0\" \"$SCRIPT_OUTPUT_FILE_1\"\n\n\n\n\n";
		};
		65D305641BE955AE0032D99F /* Carthage Copy Frameworks */ = {
			isa = PBXShellScriptBuildPhase;
			buildActionMask = 2147483647;
			files = (
			);
			inputPaths = (
				"$(SRCROOT)/Carthage/Build/iOS/ValueCoding.framework",
			);
			name = "Carthage Copy Frameworks";
			outputPaths = (
			);
			runOnlyForDeploymentPostprocessing = 0;
			shellPath = /bin/sh;
			shellScript = "/usr/local/bin/carthage copy-frameworks";
		};
		65D305651BE956060032D99F /* Carthage Copy Frameworks */ = {
			isa = PBXShellScriptBuildPhase;
			buildActionMask = 2147483647;
			files = (
			);
			inputPaths = (
				"$(SRCROOT)/Carthage/Build/tvOS/ValueCoding.framework",
			);
			name = "Carthage Copy Frameworks";
			outputPaths = (
			);
			runOnlyForDeploymentPostprocessing = 0;
			shellPath = /bin/sh;
			shellScript = "/usr/local/bin/carthage copy-frameworks";
		};
		65D305661BE956230032D99F /* Carthage Copy Frameworks */ = {
			isa = PBXShellScriptBuildPhase;
			buildActionMask = 2147483647;
			files = (
			);
			inputPaths = (
				"$(SRCROOT)/Carthage/Build/Mac/ValueCoding.framework",
			);
			name = "Carthage Copy Frameworks";
			outputPaths = (
			);
			runOnlyForDeploymentPostprocessing = 0;
			shellPath = /bin/sh;
			shellScript = "/usr/local/bin/carthage copy-frameworks";
		};
/* End PBXShellScriptBuildPhase section */

/* Begin PBXSourcesBuildPhase section */
		65B92ACE1BE0E4A700F82024 /* Sources */ = {
			isa = PBXSourcesBuildPhase;
			buildActionMask = 2147483647;
			files = (
				65DEE3651BFA0F370043A718 /* Support.swift in Sources */,
				65579FB61C0228EB00C3F8C7 /* Locale.swift in Sources */,
				65DEE3451BFA0F370043A718 /* DecimalNumberType.swift in Sources */,
				65DEE3491BFA0F370043A718 /* NSDecimalExtensions.swift in Sources */,
				65DEE34D1BFA0F370043A718 /* NSDecimalNumberExtensions.swift in Sources */,
				65DEE3411BFA0F370043A718 /* Decimal.swift in Sources */,
				65DEE33D1BFA0F370043A718 /* Currency.swift in Sources */,
				65882AFB1C6CB02C0056E00B /* Bitcoin.swift in Sources */,
				65DEE3611BFA0F370043A718 /* Money.swift in Sources */,
				65DEE3391BFA0F370043A718 /* Autogenerated.swift in Sources */,
				65DEE3351BFA0F370043A718 /* ApplePay.swift in Sources */,
			);
			runOnlyForDeploymentPostprocessing = 0;
		};
		65B92AD91BE0E4A700F82024 /* Sources */ = {
			isa = PBXSourcesBuildPhase;
			buildActionMask = 2147483647;
			files = (
				65DD22BE1BFA10F30054F62D /* BitcoinTests.swift in Sources */,
				65DD22C51BFA10F30054F62D /* NSDecimalTests.swift in Sources */,
				65DD22C31BFA10F30054F62D /* MoneyTests.swift in Sources */,
				65579F8C1C01F0C100C3F8C7 /* DecimalNumberTypeTests.swift in Sources */,
				65DD22C61BFA10F60054F62D /* ApplePayTests.swift in Sources */,
				65DD22C41BFA10F30054F62D /* NSDecimalNumberTests.swift in Sources */,
				65DD22BF1BFA10F30054F62D /* DecimalTests.swift in Sources */,
				65579FC61C0288A300C3F8C7 /* AutogeneratedTests.swift in Sources */,
				6553909D1C037A1A00610C6F /* LocaleTests.swift in Sources */,
			);
			runOnlyForDeploymentPostprocessing = 0;
		};
		65B92AEB1BE0E4C800F82024 /* Sources */ = {
			isa = PBXSourcesBuildPhase;
			buildActionMask = 2147483647;
			files = (
				65DEE3661BFA0F370043A718 /* Support.swift in Sources */,
				65DEE3461BFA0F370043A718 /* DecimalNumberType.swift in Sources */,
				65DEE34A1BFA0F370043A718 /* NSDecimalExtensions.swift in Sources */,
				65DEE34E1BFA0F370043A718 /* NSDecimalNumberExtensions.swift in Sources */,
				65DEE3421BFA0F370043A718 /* Decimal.swift in Sources */,
				65DEE33E1BFA0F370043A718 /* Currency.swift in Sources */,
				65882AFC1C6CB02D0056E00B /* Bitcoin.swift in Sources */,
				65DEE3621BFA0F370043A718 /* Money.swift in Sources */,
				65579FB71C0228EB00C3F8C7 /* Locale.swift in Sources */,
				65DEE33A1BFA0F370043A718 /* Autogenerated.swift in Sources */,
			);
			runOnlyForDeploymentPostprocessing = 0;
		};
		65B92AF81BE0E4D800F82024 /* Sources */ = {
			isa = PBXSourcesBuildPhase;
			buildActionMask = 2147483647;
			files = (
				65DEE3671BFA0F370043A718 /* Support.swift in Sources */,
				65DEE3471BFA0F370043A718 /* DecimalNumberType.swift in Sources */,
				65DEE34B1BFA0F370043A718 /* NSDecimalExtensions.swift in Sources */,
				65DEE34F1BFA0F370043A718 /* NSDecimalNumberExtensions.swift in Sources */,
				65DEE3431BFA0F370043A718 /* Decimal.swift in Sources */,
				65DEE33F1BFA0F370043A718 /* Currency.swift in Sources */,
				65882AFD1C6CB02D0056E00B /* Bitcoin.swift in Sources */,
				65DEE3631BFA0F370043A718 /* Money.swift in Sources */,
				65579FB81C0228EB00C3F8C7 /* Locale.swift in Sources */,
				65DEE33B1BFA0F370043A718 /* Autogenerated.swift in Sources */,
			);
			runOnlyForDeploymentPostprocessing = 0;
		};
		65B92B021BE0E4D800F82024 /* Sources */ = {
			isa = PBXSourcesBuildPhase;
			buildActionMask = 2147483647;
			files = (
				65579FC71C0288A300C3F8C7 /* AutogeneratedTests.swift in Sources */,
				65DD22B61BFA10F20054F62D /* BitcoinTests.swift in Sources */,
				65DD22BD1BFA10F20054F62D /* NSDecimalTests.swift in Sources */,
				65DD22BB1BFA10F20054F62D /* MoneyTests.swift in Sources */,
				65DD22BC1BFA10F20054F62D /* NSDecimalNumberTests.swift in Sources */,
				6553909E1C037A1A00610C6F /* LocaleTests.swift in Sources */,
				65579F8D1C01F0C100C3F8C7 /* DecimalNumberTypeTests.swift in Sources */,
				65DD22B71BFA10F20054F62D /* DecimalTests.swift in Sources */,
			);
			runOnlyForDeploymentPostprocessing = 0;
		};
		65B92B141BE0E4E700F82024 /* Sources */ = {
			isa = PBXSourcesBuildPhase;
			buildActionMask = 2147483647;
			files = (
				65DEE3681BFA0F370043A718 /* Support.swift in Sources */,
				65DEE3481BFA0F370043A718 /* DecimalNumberType.swift in Sources */,
				65DEE34C1BFA0F370043A718 /* NSDecimalExtensions.swift in Sources */,
				65DEE3501BFA0F370043A718 /* NSDecimalNumberExtensions.swift in Sources */,
				65DEE3441BFA0F370043A718 /* Decimal.swift in Sources */,
				65DEE3401BFA0F370043A718 /* Currency.swift in Sources */,
				65882AFE1C6CB02E0056E00B /* Bitcoin.swift in Sources */,
				65DEE3641BFA0F370043A718 /* Money.swift in Sources */,
				65579FB91C0228EB00C3F8C7 /* Locale.swift in Sources */,
				65DEE33C1BFA0F370043A718 /* Autogenerated.swift in Sources */,
			);
			runOnlyForDeploymentPostprocessing = 0;
		};
		65B92B1E1BE0E4E700F82024 /* Sources */ = {
			isa = PBXSourcesBuildPhase;
			buildActionMask = 2147483647;
			files = (
				65579FC81C0288A300C3F8C7 /* AutogeneratedTests.swift in Sources */,
				65DD22B51BFA10F10054F62D /* NSDecimalTests.swift in Sources */,
				65DD22B41BFA10F10054F62D /* NSDecimalNumberTests.swift in Sources */,
				65DD22AF1BFA10F10054F62D /* DecimalTests.swift in Sources */,
				65DD22B31BFA10F10054F62D /* MoneyTests.swift in Sources */,
				6553909F1C037A1A00610C6F /* LocaleTests.swift in Sources */,
				65579F8E1C01F0C100C3F8C7 /* DecimalNumberTypeTests.swift in Sources */,
				65DD22AE1BFA10F10054F62D /* BitcoinTests.swift in Sources */,
			);
			runOnlyForDeploymentPostprocessing = 0;
		};
/* End PBXSourcesBuildPhase section */

/* Begin PBXTargetDependency section */
		65A876DE1BE65FF600E26F22 /* PBXTargetDependency */ = {
			isa = PBXTargetDependency;
			target = 65A876D81BE65FAF00E26F22 /* Generate Swift */;
			targetProxy = 65A876DD1BE65FF600E26F22 /* PBXContainerItemProxy */;
		};
		65A876E01BE6600500E26F22 /* PBXTargetDependency */ = {
			isa = PBXTargetDependency;
			target = 65A876D81BE65FAF00E26F22 /* Generate Swift */;
			targetProxy = 65A876DF1BE6600500E26F22 /* PBXContainerItemProxy */;
		};
		65A876E21BE6602800E26F22 /* PBXTargetDependency */ = {
			isa = PBXTargetDependency;
			target = 65A876D81BE65FAF00E26F22 /* Generate Swift */;
			targetProxy = 65A876E11BE6602800E26F22 /* PBXContainerItemProxy */;
		};
		65A876E41BE6603100E26F22 /* PBXTargetDependency */ = {
			isa = PBXTargetDependency;
			target = 65A876D81BE65FAF00E26F22 /* Generate Swift */;
			targetProxy = 65A876E31BE6603100E26F22 /* PBXContainerItemProxy */;
		};
		65B92AE01BE0E4A700F82024 /* PBXTargetDependency */ = {
			isa = PBXTargetDependency;
			target = 65B92AD21BE0E4A700F82024 /* Money-iOS */;
			targetProxy = 65B92ADF1BE0E4A700F82024 /* PBXContainerItemProxy */;
		};
		65B92B091BE0E4D800F82024 /* PBXTargetDependency */ = {
			isa = PBXTargetDependency;
			target = 65B92AFC1BE0E4D800F82024 /* Money-tvOS */;
			targetProxy = 65B92B081BE0E4D800F82024 /* PBXContainerItemProxy */;
		};
		65B92B251BE0E4E700F82024 /* PBXTargetDependency */ = {
			isa = PBXTargetDependency;
			target = 65B92B181BE0E4E700F82024 /* Money-OSX */;
			targetProxy = 65B92B241BE0E4E700F82024 /* PBXContainerItemProxy */;
		};
/* End PBXTargetDependency section */

/* Begin XCBuildConfiguration section */
		65A876DA1BE65FAF00E26F22 /* Debug */ = {
			isa = XCBuildConfiguration;
			buildSettings = {
				CLANG_ENABLE_MODULES = YES;
				LD_RUNPATH_SEARCH_PATHS = "$(inherited) @executable_path/../Frameworks @loader_path/../Frameworks";
				PRODUCT_NAME = "$(TARGET_NAME)";
			};
			name = Debug;
		};
		65A876DB1BE65FAF00E26F22 /* Release */ = {
			isa = XCBuildConfiguration;
			buildSettings = {
				CLANG_ENABLE_MODULES = YES;
				LD_RUNPATH_SEARCH_PATHS = "$(inherited) @executable_path/../Frameworks @loader_path/../Frameworks";
				PRODUCT_NAME = "$(TARGET_NAME)";
			};
			name = Release;
		};
		65B92ACC1BE0E46C00F82024 /* Debug */ = {
			isa = XCBuildConfiguration;
			buildSettings = {
				CLANG_ENABLE_CODE_COVERAGE = YES;
				ENABLE_TESTABILITY = YES;
				IPHONEOS_DEPLOYMENT_TARGET = 8.0;
				ONLY_ACTIVE_ARCH = YES;
			};
			name = Debug;
		};
		65B92ACD1BE0E46C00F82024 /* Release */ = {
			isa = XCBuildConfiguration;
			buildSettings = {
				CLANG_ENABLE_CODE_COVERAGE = YES;
				IPHONEOS_DEPLOYMENT_TARGET = 8.0;
			};
			name = Release;
		};
		65B92AE51BE0E4A700F82024 /* Debug */ = {
			isa = XCBuildConfiguration;
			baseConfigurationReference = 65B92B361BE0E57800F82024 /* Money.xcconfig */;
			buildSettings = {
				ALWAYS_SEARCH_USER_PATHS = NO;
				CLANG_CXX_LANGUAGE_STANDARD = "gnu++0x";
				CLANG_CXX_LIBRARY = "libc++";
				CLANG_ENABLE_MODULES = YES;
				CLANG_ENABLE_OBJC_ARC = YES;
				CLANG_WARN_BOOL_CONVERSION = YES;
				CLANG_WARN_CONSTANT_CONVERSION = YES;
				CLANG_WARN_DIRECT_OBJC_ISA_USAGE = YES_ERROR;
				CLANG_WARN_EMPTY_BODY = YES;
				CLANG_WARN_ENUM_CONVERSION = YES;
				CLANG_WARN_INT_CONVERSION = YES;
				CLANG_WARN_OBJC_ROOT_CLASS = YES_ERROR;
				CLANG_WARN_UNREACHABLE_CODE = YES;
				CLANG_WARN__DUPLICATE_METHOD_MATCH = YES;
				"CODE_SIGN_IDENTITY[sdk=iphoneos*]" = "iPhone Developer";
				COPY_PHASE_STRIP = NO;
				CURRENT_PROJECT_VERSION = 1;
				DEBUG_INFORMATION_FORMAT = dwarf;
				DEFINES_MODULE = YES;
				DYLIB_COMPATIBILITY_VERSION = 1;
				DYLIB_CURRENT_VERSION = 1;
				DYLIB_INSTALL_NAME_BASE = "@rpath";
				ENABLE_STRICT_OBJC_MSGSEND = YES;
				ENABLE_TESTABILITY = YES;
				FRAMEWORK_SEARCH_PATHS = "$(PROJECT_DIR)/Carthage/Build/iOS";
				GCC_C_LANGUAGE_STANDARD = gnu99;
				GCC_DYNAMIC_NO_PIC = NO;
				GCC_NO_COMMON_BLOCKS = YES;
				GCC_OPTIMIZATION_LEVEL = 0;
				GCC_PREPROCESSOR_DEFINITIONS = (
					"DEBUG=1",
					"$(inherited)",
				);
				GCC_WARN_64_TO_32_BIT_CONVERSION = YES;
				GCC_WARN_ABOUT_RETURN_TYPE = YES_ERROR;
				GCC_WARN_UNDECLARED_SELECTOR = YES;
				GCC_WARN_UNINITIALIZED_AUTOS = YES_AGGRESSIVE;
				GCC_WARN_UNUSED_FUNCTION = YES;
				GCC_WARN_UNUSED_VARIABLE = YES;
				INSTALL_PATH = "$(LOCAL_LIBRARY_DIR)/Frameworks";
				IPHONEOS_DEPLOYMENT_TARGET = 8.0;
				LD_RUNPATH_SEARCH_PATHS = "$(inherited) @executable_path/Frameworks @loader_path/Frameworks";
				MTL_ENABLE_DEBUG_INFO = YES;
				ONLY_ACTIVE_ARCH = YES;
				SDKROOT = iphoneos;
				SKIP_INSTALL = YES;
				SWIFT_OPTIMIZATION_LEVEL = "-Onone";
				TARGETED_DEVICE_FAMILY = "1,2";
				VERSIONING_SYSTEM = "apple-generic";
				VERSION_INFO_PREFIX = "";
			};
			name = Debug;
		};
		65B92AE61BE0E4A700F82024 /* Release */ = {
			isa = XCBuildConfiguration;
			baseConfigurationReference = 65B92B361BE0E57800F82024 /* Money.xcconfig */;
			buildSettings = {
				ALWAYS_SEARCH_USER_PATHS = NO;
				CLANG_CXX_LANGUAGE_STANDARD = "gnu++0x";
				CLANG_CXX_LIBRARY = "libc++";
				CLANG_ENABLE_MODULES = YES;
				CLANG_ENABLE_OBJC_ARC = YES;
				CLANG_WARN_BOOL_CONVERSION = YES;
				CLANG_WARN_CONSTANT_CONVERSION = YES;
				CLANG_WARN_DIRECT_OBJC_ISA_USAGE = YES_ERROR;
				CLANG_WARN_EMPTY_BODY = YES;
				CLANG_WARN_ENUM_CONVERSION = YES;
				CLANG_WARN_INT_CONVERSION = YES;
				CLANG_WARN_OBJC_ROOT_CLASS = YES_ERROR;
				CLANG_WARN_UNREACHABLE_CODE = YES;
				CLANG_WARN__DUPLICATE_METHOD_MATCH = YES;
				"CODE_SIGN_IDENTITY[sdk=iphoneos*]" = "iPhone Developer";
				COPY_PHASE_STRIP = NO;
				CURRENT_PROJECT_VERSION = 1;
				DEBUG_INFORMATION_FORMAT = "dwarf-with-dsym";
				DEFINES_MODULE = YES;
				DYLIB_COMPATIBILITY_VERSION = 1;
				DYLIB_CURRENT_VERSION = 1;
				DYLIB_INSTALL_NAME_BASE = "@rpath";
				ENABLE_NS_ASSERTIONS = NO;
				ENABLE_STRICT_OBJC_MSGSEND = YES;
				FRAMEWORK_SEARCH_PATHS = "$(PROJECT_DIR)/Carthage/Build/iOS";
				GCC_C_LANGUAGE_STANDARD = gnu99;
				GCC_NO_COMMON_BLOCKS = YES;
				GCC_WARN_64_TO_32_BIT_CONVERSION = YES;
				GCC_WARN_ABOUT_RETURN_TYPE = YES_ERROR;
				GCC_WARN_UNDECLARED_SELECTOR = YES;
				GCC_WARN_UNINITIALIZED_AUTOS = YES_AGGRESSIVE;
				GCC_WARN_UNUSED_FUNCTION = YES;
				GCC_WARN_UNUSED_VARIABLE = YES;
				INSTALL_PATH = "$(LOCAL_LIBRARY_DIR)/Frameworks";
				IPHONEOS_DEPLOYMENT_TARGET = 8.0;
				LD_RUNPATH_SEARCH_PATHS = "$(inherited) @executable_path/Frameworks @loader_path/Frameworks";
				MTL_ENABLE_DEBUG_INFO = NO;
				SDKROOT = iphoneos;
				SKIP_INSTALL = YES;
				TARGETED_DEVICE_FAMILY = "1,2";
				VALIDATE_PRODUCT = YES;
				VERSIONING_SYSTEM = "apple-generic";
				VERSION_INFO_PREFIX = "";
			};
			name = Release;
		};
		65B92AE71BE0E4A700F82024 /* Debug */ = {
			isa = XCBuildConfiguration;
			buildSettings = {
				ALWAYS_SEARCH_USER_PATHS = NO;
				CLANG_CXX_LANGUAGE_STANDARD = "gnu++0x";
				CLANG_CXX_LIBRARY = "libc++";
				CLANG_ENABLE_MODULES = YES;
				CLANG_ENABLE_OBJC_ARC = YES;
				CLANG_WARN_BOOL_CONVERSION = YES;
				CLANG_WARN_CONSTANT_CONVERSION = YES;
				CLANG_WARN_DIRECT_OBJC_ISA_USAGE = YES_ERROR;
				CLANG_WARN_EMPTY_BODY = YES;
				CLANG_WARN_ENUM_CONVERSION = YES;
				CLANG_WARN_INT_CONVERSION = YES;
				CLANG_WARN_OBJC_ROOT_CLASS = YES_ERROR;
				CLANG_WARN_UNREACHABLE_CODE = YES;
				CLANG_WARN__DUPLICATE_METHOD_MATCH = YES;
				"CODE_SIGN_IDENTITY[sdk=iphoneos*]" = "iPhone Developer";
				COPY_PHASE_STRIP = NO;
				DEBUG_INFORMATION_FORMAT = dwarf;
				ENABLE_STRICT_OBJC_MSGSEND = YES;
				ENABLE_TESTABILITY = YES;
				FRAMEWORK_SEARCH_PATHS = (
					"$(inherited)",
					"$(PROJECT_DIR)/Carthage/Build/iOS",
				);
				GCC_C_LANGUAGE_STANDARD = gnu99;
				GCC_DYNAMIC_NO_PIC = NO;
				GCC_NO_COMMON_BLOCKS = YES;
				GCC_OPTIMIZATION_LEVEL = 0;
				GCC_PREPROCESSOR_DEFINITIONS = (
					"DEBUG=1",
					"$(inherited)",
				);
				GCC_WARN_64_TO_32_BIT_CONVERSION = YES;
				GCC_WARN_ABOUT_RETURN_TYPE = YES_ERROR;
				GCC_WARN_UNDECLARED_SELECTOR = YES;
				GCC_WARN_UNINITIALIZED_AUTOS = YES_AGGRESSIVE;
				GCC_WARN_UNUSED_FUNCTION = YES;
				GCC_WARN_UNUSED_VARIABLE = YES;
				INFOPLIST_FILE = "$(SRCROOT)/Tests/Info.plist";
				IPHONEOS_DEPLOYMENT_TARGET = 9.1;
				LD_RUNPATH_SEARCH_PATHS = "$(inherited) @executable_path/Frameworks @loader_path/Frameworks";
				MTL_ENABLE_DEBUG_INFO = YES;
				ONLY_ACTIVE_ARCH = YES;
				PRODUCT_BUNDLE_IDENTIFIER = "me.danthorpe.Money-iOSTests";
				PRODUCT_NAME = "$(TARGET_NAME)";
				SDKROOT = iphoneos;
				SWIFT_OPTIMIZATION_LEVEL = "-Onone";
			};
			name = Debug;
		};
		65B92AE81BE0E4A700F82024 /* Release */ = {
			isa = XCBuildConfiguration;
			buildSettings = {
				ALWAYS_SEARCH_USER_PATHS = NO;
				CLANG_CXX_LANGUAGE_STANDARD = "gnu++0x";
				CLANG_CXX_LIBRARY = "libc++";
				CLANG_ENABLE_MODULES = YES;
				CLANG_ENABLE_OBJC_ARC = YES;
				CLANG_WARN_BOOL_CONVERSION = YES;
				CLANG_WARN_CONSTANT_CONVERSION = YES;
				CLANG_WARN_DIRECT_OBJC_ISA_USAGE = YES_ERROR;
				CLANG_WARN_EMPTY_BODY = YES;
				CLANG_WARN_ENUM_CONVERSION = YES;
				CLANG_WARN_INT_CONVERSION = YES;
				CLANG_WARN_OBJC_ROOT_CLASS = YES_ERROR;
				CLANG_WARN_UNREACHABLE_CODE = YES;
				CLANG_WARN__DUPLICATE_METHOD_MATCH = YES;
				"CODE_SIGN_IDENTITY[sdk=iphoneos*]" = "iPhone Developer";
				COPY_PHASE_STRIP = NO;
				DEBUG_INFORMATION_FORMAT = "dwarf-with-dsym";
				ENABLE_NS_ASSERTIONS = NO;
				ENABLE_STRICT_OBJC_MSGSEND = YES;
				FRAMEWORK_SEARCH_PATHS = (
					"$(inherited)",
					"$(PROJECT_DIR)/Carthage/Build/iOS",
				);
				GCC_C_LANGUAGE_STANDARD = gnu99;
				GCC_NO_COMMON_BLOCKS = YES;
				GCC_WARN_64_TO_32_BIT_CONVERSION = YES;
				GCC_WARN_ABOUT_RETURN_TYPE = YES_ERROR;
				GCC_WARN_UNDECLARED_SELECTOR = YES;
				GCC_WARN_UNINITIALIZED_AUTOS = YES_AGGRESSIVE;
				GCC_WARN_UNUSED_FUNCTION = YES;
				GCC_WARN_UNUSED_VARIABLE = YES;
				INFOPLIST_FILE = "$(SRCROOT)/Tests/Info.plist";
				IPHONEOS_DEPLOYMENT_TARGET = 9.1;
				LD_RUNPATH_SEARCH_PATHS = "$(inherited) @executable_path/Frameworks @loader_path/Frameworks";
				MTL_ENABLE_DEBUG_INFO = NO;
				PRODUCT_BUNDLE_IDENTIFIER = "me.danthorpe.Money-iOSTests";
				PRODUCT_NAME = "$(TARGET_NAME)";
				SDKROOT = iphoneos;
				VALIDATE_PRODUCT = YES;
			};
			name = Release;
		};
		65B92AF61BE0E4C800F82024 /* Debug */ = {
			isa = XCBuildConfiguration;
			baseConfigurationReference = 65B92B361BE0E57800F82024 /* Money.xcconfig */;
			buildSettings = {
				ALWAYS_SEARCH_USER_PATHS = NO;
				APPLICATION_EXTENSION_API_ONLY = YES;
				CLANG_CXX_LANGUAGE_STANDARD = "gnu++0x";
				CLANG_CXX_LIBRARY = "libc++";
				CLANG_ENABLE_MODULES = YES;
				CLANG_ENABLE_OBJC_ARC = YES;
				CLANG_WARN_BOOL_CONVERSION = YES;
				CLANG_WARN_CONSTANT_CONVERSION = YES;
				CLANG_WARN_DIRECT_OBJC_ISA_USAGE = YES_ERROR;
				CLANG_WARN_EMPTY_BODY = YES;
				CLANG_WARN_ENUM_CONVERSION = YES;
				CLANG_WARN_INT_CONVERSION = YES;
				CLANG_WARN_OBJC_ROOT_CLASS = YES_ERROR;
				CLANG_WARN_UNREACHABLE_CODE = YES;
				CLANG_WARN__DUPLICATE_METHOD_MATCH = YES;
				COPY_PHASE_STRIP = NO;
				CURRENT_PROJECT_VERSION = 1;
				DEBUG_INFORMATION_FORMAT = dwarf;
				DEFINES_MODULE = YES;
				DYLIB_COMPATIBILITY_VERSION = 1;
				DYLIB_CURRENT_VERSION = 1;
				DYLIB_INSTALL_NAME_BASE = "@rpath";
				ENABLE_STRICT_OBJC_MSGSEND = YES;
				ENABLE_TESTABILITY = YES;
				FRAMEWORK_SEARCH_PATHS = (
					"$(inherited)",
					"$(PROJECT_DIR)/Carthage/Build/watchOS",
				);
				GCC_C_LANGUAGE_STANDARD = gnu99;
				GCC_DYNAMIC_NO_PIC = NO;
				GCC_NO_COMMON_BLOCKS = YES;
				GCC_OPTIMIZATION_LEVEL = 0;
				GCC_PREPROCESSOR_DEFINITIONS = (
					"DEBUG=1",
					"$(inherited)",
				);
				GCC_WARN_64_TO_32_BIT_CONVERSION = YES;
				GCC_WARN_ABOUT_RETURN_TYPE = YES_ERROR;
				GCC_WARN_UNDECLARED_SELECTOR = YES;
				GCC_WARN_UNINITIALIZED_AUTOS = YES_AGGRESSIVE;
				GCC_WARN_UNUSED_FUNCTION = YES;
				GCC_WARN_UNUSED_VARIABLE = YES;
				INSTALL_PATH = "$(LOCAL_LIBRARY_DIR)/Frameworks";
				LD_RUNPATH_SEARCH_PATHS = "$(inherited) @executable_path/Frameworks @loader_path/Frameworks";
				MTL_ENABLE_DEBUG_INFO = YES;
				ONLY_ACTIVE_ARCH = YES;
				SDKROOT = watchos;
				SKIP_INSTALL = YES;
				SWIFT_OPTIMIZATION_LEVEL = "-Onone";
				TARGETED_DEVICE_FAMILY = 4;
				VERSIONING_SYSTEM = "apple-generic";
				VERSION_INFO_PREFIX = "";
				WATCHOS_DEPLOYMENT_TARGET = 2.0;
			};
			name = Debug;
		};
		65B92AF71BE0E4C800F82024 /* Release */ = {
			isa = XCBuildConfiguration;
			baseConfigurationReference = 65B92B361BE0E57800F82024 /* Money.xcconfig */;
			buildSettings = {
				ALWAYS_SEARCH_USER_PATHS = NO;
				APPLICATION_EXTENSION_API_ONLY = YES;
				CLANG_CXX_LANGUAGE_STANDARD = "gnu++0x";
				CLANG_CXX_LIBRARY = "libc++";
				CLANG_ENABLE_MODULES = YES;
				CLANG_ENABLE_OBJC_ARC = YES;
				CLANG_WARN_BOOL_CONVERSION = YES;
				CLANG_WARN_CONSTANT_CONVERSION = YES;
				CLANG_WARN_DIRECT_OBJC_ISA_USAGE = YES_ERROR;
				CLANG_WARN_EMPTY_BODY = YES;
				CLANG_WARN_ENUM_CONVERSION = YES;
				CLANG_WARN_INT_CONVERSION = YES;
				CLANG_WARN_OBJC_ROOT_CLASS = YES_ERROR;
				CLANG_WARN_UNREACHABLE_CODE = YES;
				CLANG_WARN__DUPLICATE_METHOD_MATCH = YES;
				COPY_PHASE_STRIP = NO;
				CURRENT_PROJECT_VERSION = 1;
				DEBUG_INFORMATION_FORMAT = "dwarf-with-dsym";
				DEFINES_MODULE = YES;
				DYLIB_COMPATIBILITY_VERSION = 1;
				DYLIB_CURRENT_VERSION = 1;
				DYLIB_INSTALL_NAME_BASE = "@rpath";
				ENABLE_NS_ASSERTIONS = NO;
				ENABLE_STRICT_OBJC_MSGSEND = YES;
				FRAMEWORK_SEARCH_PATHS = (
					"$(inherited)",
					"$(PROJECT_DIR)/Carthage/Build/watchOS",
				);
				GCC_C_LANGUAGE_STANDARD = gnu99;
				GCC_NO_COMMON_BLOCKS = YES;
				GCC_WARN_64_TO_32_BIT_CONVERSION = YES;
				GCC_WARN_ABOUT_RETURN_TYPE = YES_ERROR;
				GCC_WARN_UNDECLARED_SELECTOR = YES;
				GCC_WARN_UNINITIALIZED_AUTOS = YES_AGGRESSIVE;
				GCC_WARN_UNUSED_FUNCTION = YES;
				GCC_WARN_UNUSED_VARIABLE = YES;
				INSTALL_PATH = "$(LOCAL_LIBRARY_DIR)/Frameworks";
				LD_RUNPATH_SEARCH_PATHS = "$(inherited) @executable_path/Frameworks @loader_path/Frameworks";
				MTL_ENABLE_DEBUG_INFO = NO;
				SDKROOT = watchos;
				SKIP_INSTALL = YES;
				TARGETED_DEVICE_FAMILY = 4;
				VALIDATE_PRODUCT = YES;
				VERSIONING_SYSTEM = "apple-generic";
				VERSION_INFO_PREFIX = "";
				WATCHOS_DEPLOYMENT_TARGET = 2.0;
			};
			name = Release;
		};
		65B92B0F1BE0E4D800F82024 /* Debug */ = {
			isa = XCBuildConfiguration;
			baseConfigurationReference = 65B92B361BE0E57800F82024 /* Money.xcconfig */;
			buildSettings = {
				ALWAYS_SEARCH_USER_PATHS = NO;
				CLANG_CXX_LANGUAGE_STANDARD = "gnu++0x";
				CLANG_CXX_LIBRARY = "libc++";
				CLANG_ENABLE_MODULES = YES;
				CLANG_ENABLE_OBJC_ARC = YES;
				CLANG_WARN_BOOL_CONVERSION = YES;
				CLANG_WARN_CONSTANT_CONVERSION = YES;
				CLANG_WARN_DIRECT_OBJC_ISA_USAGE = YES_ERROR;
				CLANG_WARN_EMPTY_BODY = YES;
				CLANG_WARN_ENUM_CONVERSION = YES;
				CLANG_WARN_INT_CONVERSION = YES;
				CLANG_WARN_OBJC_ROOT_CLASS = YES_ERROR;
				CLANG_WARN_UNREACHABLE_CODE = YES;
				CLANG_WARN__DUPLICATE_METHOD_MATCH = YES;
				COPY_PHASE_STRIP = NO;
				CURRENT_PROJECT_VERSION = 1;
				DEBUG_INFORMATION_FORMAT = dwarf;
				DEFINES_MODULE = YES;
				DYLIB_COMPATIBILITY_VERSION = 1;
				DYLIB_CURRENT_VERSION = 1;
				DYLIB_INSTALL_NAME_BASE = "@rpath";
				ENABLE_STRICT_OBJC_MSGSEND = YES;
				ENABLE_TESTABILITY = YES;
				FRAMEWORK_SEARCH_PATHS = (
					"$(inherited)",
					"$(PROJECT_DIR)/Carthage/Build/tvOS",
				);
				GCC_C_LANGUAGE_STANDARD = gnu99;
				GCC_DYNAMIC_NO_PIC = NO;
				GCC_NO_COMMON_BLOCKS = YES;
				GCC_OPTIMIZATION_LEVEL = 0;
				GCC_PREPROCESSOR_DEFINITIONS = (
					"DEBUG=1",
					"$(inherited)",
				);
				GCC_WARN_64_TO_32_BIT_CONVERSION = YES;
				GCC_WARN_ABOUT_RETURN_TYPE = YES_ERROR;
				GCC_WARN_UNDECLARED_SELECTOR = YES;
				GCC_WARN_UNINITIALIZED_AUTOS = YES_AGGRESSIVE;
				GCC_WARN_UNUSED_FUNCTION = YES;
				GCC_WARN_UNUSED_VARIABLE = YES;
				INSTALL_PATH = "$(LOCAL_LIBRARY_DIR)/Frameworks";
				LD_RUNPATH_SEARCH_PATHS = "$(inherited) @executable_path/Frameworks @loader_path/Frameworks";
				MTL_ENABLE_DEBUG_INFO = YES;
				ONLY_ACTIVE_ARCH = YES;
				SDKROOT = appletvos;
				SKIP_INSTALL = YES;
				SWIFT_OPTIMIZATION_LEVEL = "-Onone";
				TARGETED_DEVICE_FAMILY = 3;
				TVOS_DEPLOYMENT_TARGET = 9.0;
				VERSIONING_SYSTEM = "apple-generic";
				VERSION_INFO_PREFIX = "";
			};
			name = Debug;
		};
		65B92B101BE0E4D800F82024 /* Release */ = {
			isa = XCBuildConfiguration;
			baseConfigurationReference = 65B92B361BE0E57800F82024 /* Money.xcconfig */;
			buildSettings = {
				ALWAYS_SEARCH_USER_PATHS = NO;
				CLANG_CXX_LANGUAGE_STANDARD = "gnu++0x";
				CLANG_CXX_LIBRARY = "libc++";
				CLANG_ENABLE_MODULES = YES;
				CLANG_ENABLE_OBJC_ARC = YES;
				CLANG_WARN_BOOL_CONVERSION = YES;
				CLANG_WARN_CONSTANT_CONVERSION = YES;
				CLANG_WARN_DIRECT_OBJC_ISA_USAGE = YES_ERROR;
				CLANG_WARN_EMPTY_BODY = YES;
				CLANG_WARN_ENUM_CONVERSION = YES;
				CLANG_WARN_INT_CONVERSION = YES;
				CLANG_WARN_OBJC_ROOT_CLASS = YES_ERROR;
				CLANG_WARN_UNREACHABLE_CODE = YES;
				CLANG_WARN__DUPLICATE_METHOD_MATCH = YES;
				COPY_PHASE_STRIP = NO;
				CURRENT_PROJECT_VERSION = 1;
				DEBUG_INFORMATION_FORMAT = "dwarf-with-dsym";
				DEFINES_MODULE = YES;
				DYLIB_COMPATIBILITY_VERSION = 1;
				DYLIB_CURRENT_VERSION = 1;
				DYLIB_INSTALL_NAME_BASE = "@rpath";
				ENABLE_NS_ASSERTIONS = NO;
				ENABLE_STRICT_OBJC_MSGSEND = YES;
				FRAMEWORK_SEARCH_PATHS = (
					"$(inherited)",
					"$(PROJECT_DIR)/Carthage/Build/tvOS",
				);
				GCC_C_LANGUAGE_STANDARD = gnu99;
				GCC_NO_COMMON_BLOCKS = YES;
				GCC_WARN_64_TO_32_BIT_CONVERSION = YES;
				GCC_WARN_ABOUT_RETURN_TYPE = YES_ERROR;
				GCC_WARN_UNDECLARED_SELECTOR = YES;
				GCC_WARN_UNINITIALIZED_AUTOS = YES_AGGRESSIVE;
				GCC_WARN_UNUSED_FUNCTION = YES;
				GCC_WARN_UNUSED_VARIABLE = YES;
				INSTALL_PATH = "$(LOCAL_LIBRARY_DIR)/Frameworks";
				LD_RUNPATH_SEARCH_PATHS = "$(inherited) @executable_path/Frameworks @loader_path/Frameworks";
				MTL_ENABLE_DEBUG_INFO = NO;
				SDKROOT = appletvos;
				SKIP_INSTALL = YES;
				TARGETED_DEVICE_FAMILY = 3;
				TVOS_DEPLOYMENT_TARGET = 9.0;
				VALIDATE_PRODUCT = YES;
				VERSIONING_SYSTEM = "apple-generic";
				VERSION_INFO_PREFIX = "";
			};
			name = Release;
		};
		65B92B121BE0E4D800F82024 /* Debug */ = {
			isa = XCBuildConfiguration;
			buildSettings = {
				ALWAYS_SEARCH_USER_PATHS = NO;
				CLANG_CXX_LANGUAGE_STANDARD = "gnu++0x";
				CLANG_CXX_LIBRARY = "libc++";
				CLANG_ENABLE_MODULES = YES;
				CLANG_ENABLE_OBJC_ARC = YES;
				CLANG_WARN_BOOL_CONVERSION = YES;
				CLANG_WARN_CONSTANT_CONVERSION = YES;
				CLANG_WARN_DIRECT_OBJC_ISA_USAGE = YES_ERROR;
				CLANG_WARN_EMPTY_BODY = YES;
				CLANG_WARN_ENUM_CONVERSION = YES;
				CLANG_WARN_INT_CONVERSION = YES;
				CLANG_WARN_OBJC_ROOT_CLASS = YES_ERROR;
				CLANG_WARN_UNREACHABLE_CODE = YES;
				CLANG_WARN__DUPLICATE_METHOD_MATCH = YES;
				COPY_PHASE_STRIP = NO;
				DEBUG_INFORMATION_FORMAT = dwarf;
				ENABLE_STRICT_OBJC_MSGSEND = YES;
				ENABLE_TESTABILITY = YES;
				FRAMEWORK_SEARCH_PATHS = (
					"$(inherited)",
					"$(PROJECT_DIR)/Carthage/Build/tvOS",
				);
				GCC_C_LANGUAGE_STANDARD = gnu99;
				GCC_DYNAMIC_NO_PIC = NO;
				GCC_NO_COMMON_BLOCKS = YES;
				GCC_OPTIMIZATION_LEVEL = 0;
				GCC_PREPROCESSOR_DEFINITIONS = (
					"DEBUG=1",
					"$(inherited)",
				);
				GCC_WARN_64_TO_32_BIT_CONVERSION = YES;
				GCC_WARN_ABOUT_RETURN_TYPE = YES_ERROR;
				GCC_WARN_UNDECLARED_SELECTOR = YES;
				GCC_WARN_UNINITIALIZED_AUTOS = YES_AGGRESSIVE;
				GCC_WARN_UNUSED_FUNCTION = YES;
				GCC_WARN_UNUSED_VARIABLE = YES;
				INFOPLIST_FILE = "$(SRCROOT)/Tests/Info.plist";
				LD_RUNPATH_SEARCH_PATHS = "$(inherited) @executable_path/Frameworks @loader_path/Frameworks";
				MTL_ENABLE_DEBUG_INFO = YES;
				ONLY_ACTIVE_ARCH = YES;
				PRODUCT_BUNDLE_IDENTIFIER = "me.danthorpe.Money-tvOSTests";
				PRODUCT_NAME = "$(TARGET_NAME)";
				SDKROOT = appletvos;
				SWIFT_OPTIMIZATION_LEVEL = "-Onone";
				TVOS_DEPLOYMENT_TARGET = 9.0;
			};
			name = Debug;
		};
		65B92B131BE0E4D800F82024 /* Release */ = {
			isa = XCBuildConfiguration;
			buildSettings = {
				ALWAYS_SEARCH_USER_PATHS = NO;
				CLANG_CXX_LANGUAGE_STANDARD = "gnu++0x";
				CLANG_CXX_LIBRARY = "libc++";
				CLANG_ENABLE_MODULES = YES;
				CLANG_ENABLE_OBJC_ARC = YES;
				CLANG_WARN_BOOL_CONVERSION = YES;
				CLANG_WARN_CONSTANT_CONVERSION = YES;
				CLANG_WARN_DIRECT_OBJC_ISA_USAGE = YES_ERROR;
				CLANG_WARN_EMPTY_BODY = YES;
				CLANG_WARN_ENUM_CONVERSION = YES;
				CLANG_WARN_INT_CONVERSION = YES;
				CLANG_WARN_OBJC_ROOT_CLASS = YES_ERROR;
				CLANG_WARN_UNREACHABLE_CODE = YES;
				CLANG_WARN__DUPLICATE_METHOD_MATCH = YES;
				COPY_PHASE_STRIP = NO;
				DEBUG_INFORMATION_FORMAT = "dwarf-with-dsym";
				ENABLE_NS_ASSERTIONS = NO;
				ENABLE_STRICT_OBJC_MSGSEND = YES;
				FRAMEWORK_SEARCH_PATHS = (
					"$(inherited)",
					"$(PROJECT_DIR)/Carthage/Build/tvOS",
				);
				GCC_C_LANGUAGE_STANDARD = gnu99;
				GCC_NO_COMMON_BLOCKS = YES;
				GCC_WARN_64_TO_32_BIT_CONVERSION = YES;
				GCC_WARN_ABOUT_RETURN_TYPE = YES_ERROR;
				GCC_WARN_UNDECLARED_SELECTOR = YES;
				GCC_WARN_UNINITIALIZED_AUTOS = YES_AGGRESSIVE;
				GCC_WARN_UNUSED_FUNCTION = YES;
				GCC_WARN_UNUSED_VARIABLE = YES;
				INFOPLIST_FILE = "$(SRCROOT)/Tests/Info.plist";
				LD_RUNPATH_SEARCH_PATHS = "$(inherited) @executable_path/Frameworks @loader_path/Frameworks";
				MTL_ENABLE_DEBUG_INFO = NO;
				PRODUCT_BUNDLE_IDENTIFIER = "me.danthorpe.Money-tvOSTests";
				PRODUCT_NAME = "$(TARGET_NAME)";
				SDKROOT = appletvos;
				TVOS_DEPLOYMENT_TARGET = 9.0;
				VALIDATE_PRODUCT = YES;
			};
			name = Release;
		};
		65B92B2B1BE0E4E700F82024 /* Debug */ = {
			isa = XCBuildConfiguration;
			baseConfigurationReference = 65B92B361BE0E57800F82024 /* Money.xcconfig */;
			buildSettings = {
				ALWAYS_SEARCH_USER_PATHS = NO;
				CLANG_CXX_LANGUAGE_STANDARD = "gnu++0x";
				CLANG_CXX_LIBRARY = "libc++";
				CLANG_ENABLE_MODULES = YES;
				CLANG_ENABLE_OBJC_ARC = YES;
				CLANG_WARN_BOOL_CONVERSION = YES;
				CLANG_WARN_CONSTANT_CONVERSION = YES;
				CLANG_WARN_DIRECT_OBJC_ISA_USAGE = YES_ERROR;
				CLANG_WARN_EMPTY_BODY = YES;
				CLANG_WARN_ENUM_CONVERSION = YES;
				CLANG_WARN_INT_CONVERSION = YES;
				CLANG_WARN_OBJC_ROOT_CLASS = YES_ERROR;
				CLANG_WARN_UNREACHABLE_CODE = YES;
				CLANG_WARN__DUPLICATE_METHOD_MATCH = YES;
				CODE_SIGN_IDENTITY = "-";
				COMBINE_HIDPI_IMAGES = YES;
				COPY_PHASE_STRIP = NO;
				CURRENT_PROJECT_VERSION = 1;
				DEBUG_INFORMATION_FORMAT = dwarf;
				DEFINES_MODULE = YES;
				DYLIB_COMPATIBILITY_VERSION = 1;
				DYLIB_CURRENT_VERSION = 1;
				DYLIB_INSTALL_NAME_BASE = "@rpath";
				ENABLE_STRICT_OBJC_MSGSEND = YES;
				ENABLE_TESTABILITY = YES;
				FRAMEWORK_SEARCH_PATHS = (
					"$(inherited)",
					"$(PROJECT_DIR)/Carthage/Build/Mac",
				);
				FRAMEWORK_VERSION = A;
				GCC_C_LANGUAGE_STANDARD = gnu99;
				GCC_DYNAMIC_NO_PIC = NO;
				GCC_NO_COMMON_BLOCKS = YES;
				GCC_OPTIMIZATION_LEVEL = 0;
				GCC_PREPROCESSOR_DEFINITIONS = (
					"DEBUG=1",
					"$(inherited)",
				);
				GCC_WARN_64_TO_32_BIT_CONVERSION = YES;
				GCC_WARN_ABOUT_RETURN_TYPE = YES_ERROR;
				GCC_WARN_UNDECLARED_SELECTOR = YES;
				GCC_WARN_UNINITIALIZED_AUTOS = YES_AGGRESSIVE;
				GCC_WARN_UNUSED_FUNCTION = YES;
				GCC_WARN_UNUSED_VARIABLE = YES;
				INSTALL_PATH = "$(LOCAL_LIBRARY_DIR)/Frameworks";
				LD_RUNPATH_SEARCH_PATHS = "$(inherited) @executable_path/../Frameworks @loader_path/Frameworks";
				MACOSX_DEPLOYMENT_TARGET = 10.11;
				MTL_ENABLE_DEBUG_INFO = YES;
				ONLY_ACTIVE_ARCH = YES;
				SDKROOT = macosx;
				SKIP_INSTALL = YES;
				SWIFT_OPTIMIZATION_LEVEL = "-Onone";
				VERSIONING_SYSTEM = "apple-generic";
				VERSION_INFO_PREFIX = "";
			};
			name = Debug;
		};
		65B92B2C1BE0E4E700F82024 /* Release */ = {
			isa = XCBuildConfiguration;
			baseConfigurationReference = 65B92B361BE0E57800F82024 /* Money.xcconfig */;
			buildSettings = {
				ALWAYS_SEARCH_USER_PATHS = NO;
				CLANG_CXX_LANGUAGE_STANDARD = "gnu++0x";
				CLANG_CXX_LIBRARY = "libc++";
				CLANG_ENABLE_MODULES = YES;
				CLANG_ENABLE_OBJC_ARC = YES;
				CLANG_WARN_BOOL_CONVERSION = YES;
				CLANG_WARN_CONSTANT_CONVERSION = YES;
				CLANG_WARN_DIRECT_OBJC_ISA_USAGE = YES_ERROR;
				CLANG_WARN_EMPTY_BODY = YES;
				CLANG_WARN_ENUM_CONVERSION = YES;
				CLANG_WARN_INT_CONVERSION = YES;
				CLANG_WARN_OBJC_ROOT_CLASS = YES_ERROR;
				CLANG_WARN_UNREACHABLE_CODE = YES;
				CLANG_WARN__DUPLICATE_METHOD_MATCH = YES;
				CODE_SIGN_IDENTITY = "-";
				COMBINE_HIDPI_IMAGES = YES;
				COPY_PHASE_STRIP = NO;
				CURRENT_PROJECT_VERSION = 1;
				DEBUG_INFORMATION_FORMAT = "dwarf-with-dsym";
				DEFINES_MODULE = YES;
				DYLIB_COMPATIBILITY_VERSION = 1;
				DYLIB_CURRENT_VERSION = 1;
				DYLIB_INSTALL_NAME_BASE = "@rpath";
				ENABLE_NS_ASSERTIONS = NO;
				ENABLE_STRICT_OBJC_MSGSEND = YES;
				FRAMEWORK_SEARCH_PATHS = (
					"$(inherited)",
					"$(PROJECT_DIR)/Carthage/Build/Mac",
				);
				FRAMEWORK_VERSION = A;
				GCC_C_LANGUAGE_STANDARD = gnu99;
				GCC_NO_COMMON_BLOCKS = YES;
				GCC_WARN_64_TO_32_BIT_CONVERSION = YES;
				GCC_WARN_ABOUT_RETURN_TYPE = YES_ERROR;
				GCC_WARN_UNDECLARED_SELECTOR = YES;
				GCC_WARN_UNINITIALIZED_AUTOS = YES_AGGRESSIVE;
				GCC_WARN_UNUSED_FUNCTION = YES;
				GCC_WARN_UNUSED_VARIABLE = YES;
				INSTALL_PATH = "$(LOCAL_LIBRARY_DIR)/Frameworks";
				LD_RUNPATH_SEARCH_PATHS = "$(inherited) @executable_path/../Frameworks @loader_path/Frameworks";
				MACOSX_DEPLOYMENT_TARGET = 10.11;
				MTL_ENABLE_DEBUG_INFO = NO;
				SDKROOT = macosx;
				SKIP_INSTALL = YES;
				VERSIONING_SYSTEM = "apple-generic";
				VERSION_INFO_PREFIX = "";
			};
			name = Release;
		};
		65B92B2E1BE0E4E700F82024 /* Debug */ = {
			isa = XCBuildConfiguration;
			buildSettings = {
				ALWAYS_SEARCH_USER_PATHS = NO;
				CLANG_CXX_LANGUAGE_STANDARD = "gnu++0x";
				CLANG_CXX_LIBRARY = "libc++";
				CLANG_ENABLE_MODULES = YES;
				CLANG_ENABLE_OBJC_ARC = YES;
				CLANG_WARN_BOOL_CONVERSION = YES;
				CLANG_WARN_CONSTANT_CONVERSION = YES;
				CLANG_WARN_DIRECT_OBJC_ISA_USAGE = YES_ERROR;
				CLANG_WARN_EMPTY_BODY = YES;
				CLANG_WARN_ENUM_CONVERSION = YES;
				CLANG_WARN_INT_CONVERSION = YES;
				CLANG_WARN_OBJC_ROOT_CLASS = YES_ERROR;
				CLANG_WARN_UNREACHABLE_CODE = YES;
				CLANG_WARN__DUPLICATE_METHOD_MATCH = YES;
				CODE_SIGN_IDENTITY = "-";
				COMBINE_HIDPI_IMAGES = YES;
				COPY_PHASE_STRIP = NO;
				DEBUG_INFORMATION_FORMAT = dwarf;
				ENABLE_STRICT_OBJC_MSGSEND = YES;
				ENABLE_TESTABILITY = YES;
				FRAMEWORK_SEARCH_PATHS = (
					"$(inherited)",
					"$(PROJECT_DIR)/Carthage/Build/Mac",
				);
				GCC_C_LANGUAGE_STANDARD = gnu99;
				GCC_DYNAMIC_NO_PIC = NO;
				GCC_NO_COMMON_BLOCKS = YES;
				GCC_OPTIMIZATION_LEVEL = 0;
				GCC_PREPROCESSOR_DEFINITIONS = (
					"DEBUG=1",
					"$(inherited)",
				);
				GCC_WARN_64_TO_32_BIT_CONVERSION = YES;
				GCC_WARN_ABOUT_RETURN_TYPE = YES_ERROR;
				GCC_WARN_UNDECLARED_SELECTOR = YES;
				GCC_WARN_UNINITIALIZED_AUTOS = YES_AGGRESSIVE;
				GCC_WARN_UNUSED_FUNCTION = YES;
				GCC_WARN_UNUSED_VARIABLE = YES;
				INFOPLIST_FILE = "$(SRCROOT)/Tests/Info.plist";
				LD_RUNPATH_SEARCH_PATHS = "$(inherited) @executable_path/../Frameworks @loader_path/../Frameworks";
				MACOSX_DEPLOYMENT_TARGET = 10.11;
				MTL_ENABLE_DEBUG_INFO = YES;
				ONLY_ACTIVE_ARCH = YES;
				PRODUCT_BUNDLE_IDENTIFIER = "me.danthorpe.Money-OSXTests";
				PRODUCT_NAME = "$(TARGET_NAME)";
				SDKROOT = macosx;
				SWIFT_OPTIMIZATION_LEVEL = "-Onone";
			};
			name = Debug;
		};
		65B92B2F1BE0E4E700F82024 /* Release */ = {
			isa = XCBuildConfiguration;
			buildSettings = {
				ALWAYS_SEARCH_USER_PATHS = NO;
				CLANG_CXX_LANGUAGE_STANDARD = "gnu++0x";
				CLANG_CXX_LIBRARY = "libc++";
				CLANG_ENABLE_MODULES = YES;
				CLANG_ENABLE_OBJC_ARC = YES;
				CLANG_WARN_BOOL_CONVERSION = YES;
				CLANG_WARN_CONSTANT_CONVERSION = YES;
				CLANG_WARN_DIRECT_OBJC_ISA_USAGE = YES_ERROR;
				CLANG_WARN_EMPTY_BODY = YES;
				CLANG_WARN_ENUM_CONVERSION = YES;
				CLANG_WARN_INT_CONVERSION = YES;
				CLANG_WARN_OBJC_ROOT_CLASS = YES_ERROR;
				CLANG_WARN_UNREACHABLE_CODE = YES;
				CLANG_WARN__DUPLICATE_METHOD_MATCH = YES;
				CODE_SIGN_IDENTITY = "-";
				COMBINE_HIDPI_IMAGES = YES;
				COPY_PHASE_STRIP = NO;
				DEBUG_INFORMATION_FORMAT = "dwarf-with-dsym";
				ENABLE_NS_ASSERTIONS = NO;
				ENABLE_STRICT_OBJC_MSGSEND = YES;
				FRAMEWORK_SEARCH_PATHS = (
					"$(inherited)",
					"$(PROJECT_DIR)/Carthage/Build/Mac",
				);
				GCC_C_LANGUAGE_STANDARD = gnu99;
				GCC_NO_COMMON_BLOCKS = YES;
				GCC_WARN_64_TO_32_BIT_CONVERSION = YES;
				GCC_WARN_ABOUT_RETURN_TYPE = YES_ERROR;
				GCC_WARN_UNDECLARED_SELECTOR = YES;
				GCC_WARN_UNINITIALIZED_AUTOS = YES_AGGRESSIVE;
				GCC_WARN_UNUSED_FUNCTION = YES;
				GCC_WARN_UNUSED_VARIABLE = YES;
				INFOPLIST_FILE = "$(SRCROOT)/Tests/Info.plist";
				LD_RUNPATH_SEARCH_PATHS = "$(inherited) @executable_path/../Frameworks @loader_path/../Frameworks";
				MACOSX_DEPLOYMENT_TARGET = 10.11;
				MTL_ENABLE_DEBUG_INFO = NO;
				PRODUCT_BUNDLE_IDENTIFIER = "me.danthorpe.Money-OSXTests";
				PRODUCT_NAME = "$(TARGET_NAME)";
				SDKROOT = macosx;
			};
			name = Release;
		};
/* End XCBuildConfiguration section */

/* Begin XCConfigurationList section */
		65A876D91BE65FAF00E26F22 /* Build configuration list for PBXAggregateTarget "Generate Swift" */ = {
			isa = XCConfigurationList;
			buildConfigurations = (
				65A876DA1BE65FAF00E26F22 /* Debug */,
				65A876DB1BE65FAF00E26F22 /* Release */,
			);
			defaultConfigurationIsVisible = 0;
			defaultConfigurationName = Release;
		};
		65B92ACB1BE0E46C00F82024 /* Build configuration list for PBXProject "Money" */ = {
			isa = XCConfigurationList;
			buildConfigurations = (
				65B92ACC1BE0E46C00F82024 /* Debug */,
				65B92ACD1BE0E46C00F82024 /* Release */,
			);
			defaultConfigurationIsVisible = 0;
			defaultConfigurationName = Release;
		};
		65B92AE91BE0E4A700F82024 /* Build configuration list for PBXNativeTarget "Money-iOS" */ = {
			isa = XCConfigurationList;
			buildConfigurations = (
				65B92AE51BE0E4A700F82024 /* Debug */,
				65B92AE61BE0E4A700F82024 /* Release */,
			);
			defaultConfigurationIsVisible = 0;
			defaultConfigurationName = Release;
		};
		65B92AEA1BE0E4A700F82024 /* Build configuration list for PBXNativeTarget "Money-iOSTests" */ = {
			isa = XCConfigurationList;
			buildConfigurations = (
				65B92AE71BE0E4A700F82024 /* Debug */,
				65B92AE81BE0E4A700F82024 /* Release */,
			);
			defaultConfigurationIsVisible = 0;
			defaultConfigurationName = Release;
		};
		65B92AF51BE0E4C800F82024 /* Build configuration list for PBXNativeTarget "Money-watchOS" */ = {
			isa = XCConfigurationList;
			buildConfigurations = (
				65B92AF61BE0E4C800F82024 /* Debug */,
				65B92AF71BE0E4C800F82024 /* Release */,
			);
			defaultConfigurationIsVisible = 0;
			defaultConfigurationName = Release;
		};
		65B92B0E1BE0E4D800F82024 /* Build configuration list for PBXNativeTarget "Money-tvOS" */ = {
			isa = XCConfigurationList;
			buildConfigurations = (
				65B92B0F1BE0E4D800F82024 /* Debug */,
				65B92B101BE0E4D800F82024 /* Release */,
			);
			defaultConfigurationIsVisible = 0;
			defaultConfigurationName = Release;
		};
		65B92B111BE0E4D800F82024 /* Build configuration list for PBXNativeTarget "Money-tvOSTests" */ = {
			isa = XCConfigurationList;
			buildConfigurations = (
				65B92B121BE0E4D800F82024 /* Debug */,
				65B92B131BE0E4D800F82024 /* Release */,
			);
			defaultConfigurationIsVisible = 0;
			defaultConfigurationName = Release;
		};
		65B92B2A1BE0E4E700F82024 /* Build configuration list for PBXNativeTarget "Money-OSX" */ = {
			isa = XCConfigurationList;
			buildConfigurations = (
				65B92B2B1BE0E4E700F82024 /* Debug */,
				65B92B2C1BE0E4E700F82024 /* Release */,
			);
			defaultConfigurationIsVisible = 0;
			defaultConfigurationName = Release;
		};
		65B92B2D1BE0E4E700F82024 /* Build configuration list for PBXNativeTarget "Money-OSXTests" */ = {
			isa = XCConfigurationList;
			buildConfigurations = (
				65B92B2E1BE0E4E700F82024 /* Debug */,
				65B92B2F1BE0E4E700F82024 /* Release */,
			);
			defaultConfigurationIsVisible = 0;
			defaultConfigurationName = Release;
		};
/* End XCConfigurationList section */
	};
	rootObject = 65B92AC81BE0E46C00F82024 /* Project object */;
}
