// !$*UTF8*$!
{
	archiveVersion = 1;
	classes = {
	};
	objectVersion = 46;
	objects = {

/* Begin PBXAggregateTarget section */
		65687D5B1DB3D8B70016FB31 /* Generate Swift */ = {
			isa = PBXAggregateTarget;
			buildConfigurationList = 65687D5E1DB3D8B70016FB31 /* Build configuration list for PBXAggregateTarget "Generate Swift" */;
			buildPhases = (
				65687D5F1DB3D8C30016FB31 /* Generate Swift */,
			);
			dependencies = (
			);
			name = "Generate Swift";
			productName = "Generate Swift";
		};
/* End PBXAggregateTarget section */

/* Begin PBXBuildFile section */
		655155121DB3D50700368D35 /* ApplePay.swift in Sources */ = {isa = PBXBuildFile; fileRef = 655155111DB3D50700368D35 /* ApplePay.swift */; };
		6551551F1DB3D59900368D35 /* ApplePayTests.swift in Sources */ = {isa = PBXBuildFile; fileRef = 655155151DB3D59900368D35 /* ApplePayTests.swift */; };
		655155201DB3D59900368D35 /* AutogeneratedTests.swift in Sources */ = {isa = PBXBuildFile; fileRef = 655155161DB3D59900368D35 /* AutogeneratedTests.swift */; };
		655155211DB3D59900368D35 /* BitcoinTests.swift in Sources */ = {isa = PBXBuildFile; fileRef = 655155171DB3D59900368D35 /* BitcoinTests.swift */; };
		655155221DB3D59900368D35 /* DecimalNumberTypeTests.swift in Sources */ = {isa = PBXBuildFile; fileRef = 655155181DB3D59900368D35 /* DecimalNumberTypeTests.swift */; };
		655155231DB3D59900368D35 /* DecimalTests.swift in Sources */ = {isa = PBXBuildFile; fileRef = 655155191DB3D59900368D35 /* DecimalTests.swift */; };
		655155251DB3D59900368D35 /* LocaleTests.swift in Sources */ = {isa = PBXBuildFile; fileRef = 6551551B1DB3D59900368D35 /* LocaleTests.swift */; };
		655155261DB3D59900368D35 /* MoneyTests.swift in Sources */ = {isa = PBXBuildFile; fileRef = 6551551C1DB3D59900368D35 /* MoneyTests.swift */; };
		655155271DB3D59900368D35 /* NSDecimalNumberTests.swift in Sources */ = {isa = PBXBuildFile; fileRef = 6551551D1DB3D59900368D35 /* NSDecimalNumberTests.swift */; };
		655155281DB3D59900368D35 /* NSDecimalTests.swift in Sources */ = {isa = PBXBuildFile; fileRef = 6551551E1DB3D59900368D35 /* NSDecimalTests.swift */; };
		65599E7D1DB3D17F00EC123C /* Money.framework in Frameworks */ = {isa = PBXBuildFile; fileRef = 65599E721DB3D17E00EC123C /* Money.framework */; };
		65599E951DB3D2D500EC123C /* Autogenerated.swift in Sources */ = {isa = PBXBuildFile; fileRef = 65599E8B1DB3D2D500EC123C /* Autogenerated.swift */; };
		65599E961DB3D2D500EC123C /* Bitcoin.swift in Sources */ = {isa = PBXBuildFile; fileRef = 65599E8C1DB3D2D500EC123C /* Bitcoin.swift */; };
		65599E971DB3D2D500EC123C /* Currency.swift in Sources */ = {isa = PBXBuildFile; fileRef = 65599E8D1DB3D2D500EC123C /* Currency.swift */; };
		65599E981DB3D2D500EC123C /* Decimal.swift in Sources */ = {isa = PBXBuildFile; fileRef = 65599E8E1DB3D2D500EC123C /* Decimal.swift */; };
		65599E991DB3D2D500EC123C /* DecimalNumberType.swift in Sources */ = {isa = PBXBuildFile; fileRef = 65599E8F1DB3D2D500EC123C /* DecimalNumberType.swift */; };
		65599E9A1DB3D2D500EC123C /* Locale.swift in Sources */ = {isa = PBXBuildFile; fileRef = 65599E901DB3D2D500EC123C /* Locale.swift */; };
		65599E9B1DB3D2D500EC123C /* Money.swift in Sources */ = {isa = PBXBuildFile; fileRef = 65599E911DB3D2D500EC123C /* Money.swift */; };
		65599E9C1DB3D2D500EC123C /* NSDecimalExtensions.swift in Sources */ = {isa = PBXBuildFile; fileRef = 65599E921DB3D2D500EC123C /* NSDecimalExtensions.swift */; };
		65599E9D1DB3D2D500EC123C /* NSDecimalNumberExtensions.swift in Sources */ = {isa = PBXBuildFile; fileRef = 65599E931DB3D2D500EC123C /* NSDecimalNumberExtensions.swift */; };
		65ECB2B11DB3DC9900F96F46 /* Money.h in Headers */ = {isa = PBXBuildFile; fileRef = 65599E6A1DB3CFD300EC123C /* Money.h */; settings = {ATTRIBUTES = (Public, ); }; };
/* End PBXBuildFile section */

/* Begin PBXContainerItemProxy section */
		652899911DB3D96B0099D541 /* PBXContainerItemProxy */ = {
			isa = PBXContainerItemProxy;
			containerPortal = 65599E611DB3CF2E00EC123C /* Project object */;
			proxyType = 1;
			remoteGlobalIDString = 65687D5B1DB3D8B70016FB31;
			remoteInfo = "Generate Swift";
		};
		65599E7E1DB3D17F00EC123C /* PBXContainerItemProxy */ = {
			isa = PBXContainerItemProxy;
			containerPortal = 65599E611DB3CF2E00EC123C /* Project object */;
			proxyType = 1;
			remoteGlobalIDString = 65599E711DB3D17E00EC123C;
			remoteInfo = Money;
		};
/* End PBXContainerItemProxy section */

/* Begin PBXFileReference section */
		655155101DB3D45100368D35 /* Carthage.xcconfig */ = {isa = PBXFileReference; lastKnownFileType = text.xcconfig; path = Carthage.xcconfig; sourceTree = "<group>"; };
		655155111DB3D50700368D35 /* ApplePay.swift */ = {isa = PBXFileReference; fileEncoding = 4; lastKnownFileType = sourcecode.swift; path = ApplePay.swift; sourceTree = "<group>"; };
		655155151DB3D59900368D35 /* ApplePayTests.swift */ = {isa = PBXFileReference; fileEncoding = 4; lastKnownFileType = sourcecode.swift; path = ApplePayTests.swift; sourceTree = "<group>"; };
		655155161DB3D59900368D35 /* AutogeneratedTests.swift */ = {isa = PBXFileReference; fileEncoding = 4; lastKnownFileType = sourcecode.swift; path = AutogeneratedTests.swift; sourceTree = "<group>"; };
		655155171DB3D59900368D35 /* BitcoinTests.swift */ = {isa = PBXFileReference; fileEncoding = 4; lastKnownFileType = sourcecode.swift; path = BitcoinTests.swift; sourceTree = "<group>"; };
		655155181DB3D59900368D35 /* DecimalNumberTypeTests.swift */ = {isa = PBXFileReference; fileEncoding = 4; lastKnownFileType = sourcecode.swift; path = DecimalNumberTypeTests.swift; sourceTree = "<group>"; };
		655155191DB3D59900368D35 /* DecimalTests.swift */ = {isa = PBXFileReference; fileEncoding = 4; lastKnownFileType = sourcecode.swift; path = DecimalTests.swift; sourceTree = "<group>"; };
		6551551A1DB3D59900368D35 /* Info.plist */ = {isa = PBXFileReference; fileEncoding = 4; lastKnownFileType = text.plist.xml; path = Info.plist; sourceTree = "<group>"; };
		6551551B1DB3D59900368D35 /* LocaleTests.swift */ = {isa = PBXFileReference; fileEncoding = 4; lastKnownFileType = sourcecode.swift; path = LocaleTests.swift; sourceTree = "<group>"; };
		6551551C1DB3D59900368D35 /* MoneyTests.swift */ = {isa = PBXFileReference; fileEncoding = 4; lastKnownFileType = sourcecode.swift; path = MoneyTests.swift; sourceTree = "<group>"; };
		6551551D1DB3D59900368D35 /* NSDecimalNumberTests.swift */ = {isa = PBXFileReference; fileEncoding = 4; lastKnownFileType = sourcecode.swift; path = NSDecimalNumberTests.swift; sourceTree = "<group>"; };
		6551551E1DB3D59900368D35 /* NSDecimalTests.swift */ = {isa = PBXFileReference; fileEncoding = 4; lastKnownFileType = sourcecode.swift; path = NSDecimalTests.swift; sourceTree = "<group>"; };
		65599E681DB3CFD300EC123C /* Generate.swift */ = {isa = PBXFileReference; lastKnownFileType = sourcecode.swift; path = Generate.swift; sourceTree = "<group>"; };
		65599E691DB3CFD300EC123C /* Info.plist */ = {isa = PBXFileReference; lastKnownFileType = text.plist.xml; path = Info.plist; sourceTree = "<group>"; };
		65599E6A1DB3CFD300EC123C /* Money.h */ = {isa = PBXFileReference; lastKnownFileType = sourcecode.c.h; path = Money.h; sourceTree = "<group>"; };
		65599E6B1DB3CFD300EC123C /* Money.xcconfig */ = {isa = PBXFileReference; lastKnownFileType = text.xcconfig; path = Money.xcconfig; sourceTree = "<group>"; };
		65599E6C1DB3CFD300EC123C /* Version.xcconfig */ = {isa = PBXFileReference; lastKnownFileType = text.xcconfig; path = Version.xcconfig; sourceTree = "<group>"; };
		65599E721DB3D17E00EC123C /* Money.framework */ = {isa = PBXFileReference; explicitFileType = wrapper.framework; includeInIndex = 0; path = Money.framework; sourceTree = BUILT_PRODUCTS_DIR; };
		65599E7C1DB3D17F00EC123C /* MoneyTests.xctest */ = {isa = PBXFileReference; explicitFileType = wrapper.cfbundle; includeInIndex = 0; path = MoneyTests.xctest; sourceTree = BUILT_PRODUCTS_DIR; };
		65599E8B1DB3D2D500EC123C /* Autogenerated.swift */ = {isa = PBXFileReference; fileEncoding = 4; lastKnownFileType = sourcecode.swift; path = Autogenerated.swift; sourceTree = "<group>"; };
		65599E8C1DB3D2D500EC123C /* Bitcoin.swift */ = {isa = PBXFileReference; fileEncoding = 4; lastKnownFileType = sourcecode.swift; path = Bitcoin.swift; sourceTree = "<group>"; };
		65599E8D1DB3D2D500EC123C /* Currency.swift */ = {isa = PBXFileReference; fileEncoding = 4; lastKnownFileType = sourcecode.swift; path = Currency.swift; sourceTree = "<group>"; };
		65599E8E1DB3D2D500EC123C /* Decimal.swift */ = {isa = PBXFileReference; fileEncoding = 4; lastKnownFileType = sourcecode.swift; path = Decimal.swift; sourceTree = "<group>"; };
		65599E8F1DB3D2D500EC123C /* DecimalNumberType.swift */ = {isa = PBXFileReference; fileEncoding = 4; lastKnownFileType = sourcecode.swift; path = DecimalNumberType.swift; sourceTree = "<group>"; };
		65599E901DB3D2D500EC123C /* Locale.swift */ = {isa = PBXFileReference; fileEncoding = 4; lastKnownFileType = sourcecode.swift; path = Locale.swift; sourceTree = "<group>"; };
		65599E911DB3D2D500EC123C /* Money.swift */ = {isa = PBXFileReference; fileEncoding = 4; lastKnownFileType = sourcecode.swift; path = Money.swift; sourceTree = "<group>"; };
		65599E921DB3D2D500EC123C /* NSDecimalExtensions.swift */ = {isa = PBXFileReference; fileEncoding = 4; lastKnownFileType = sourcecode.swift; path = NSDecimalExtensions.swift; sourceTree = "<group>"; };
		65599E931DB3D2D500EC123C /* NSDecimalNumberExtensions.swift */ = {isa = PBXFileReference; fileEncoding = 4; lastKnownFileType = sourcecode.swift; path = NSDecimalNumberExtensions.swift; sourceTree = "<group>"; };
		65AA39ED1DFEF418000942A7 /* Warnings.xcconfig */ = {isa = PBXFileReference; lastKnownFileType = text.xcconfig; path = Warnings.xcconfig; sourceTree = "<group>"; };
		65ECB2BF1DB4134C00F96F46 /* Autogenerate.h */ = {isa = PBXFileReference; lastKnownFileType = sourcecode.c.h; path = Autogenerate.h; sourceTree = "<group>"; };
		65ECB2C01DB4134C00F96F46 /* Info.plist */ = {isa = PBXFileReference; lastKnownFileType = text.plist.xml; path = Info.plist; sourceTree = "<group>"; };
/* End PBXFileReference section */

/* Begin PBXFrameworksBuildPhase section */
		65599E6E1DB3D17E00EC123C /* Frameworks */ = {
			isa = PBXFrameworksBuildPhase;
			buildActionMask = 2147483647;
			files = (
			);
			runOnlyForDeploymentPostprocessing = 0;
		};
		65599E791DB3D17F00EC123C /* Frameworks */ = {
			isa = PBXFrameworksBuildPhase;
			buildActionMask = 2147483647;
			files = (
				65599E7D1DB3D17F00EC123C /* Money.framework in Frameworks */,
			);
			runOnlyForDeploymentPostprocessing = 0;
		};
/* End PBXFrameworksBuildPhase section */

/* Begin PBXGroup section */
		655155131DB3D56400368D35 /* ... */ = {
			isa = PBXGroup;
			children = (
				65599E671DB3CFD300EC123C /* Supporting Files */,
				65599E731DB3D17E00EC123C /* Products */,
			);
			name = ...;
			sourceTree = "<group>";
		};
		655155141DB3D59900368D35 /* Tests */ = {
			isa = PBXGroup;
			children = (
				6551551A1DB3D59900368D35 /* Info.plist */,
				655155151DB3D59900368D35 /* ApplePayTests.swift */,
				655155161DB3D59900368D35 /* AutogeneratedTests.swift */,
				655155171DB3D59900368D35 /* BitcoinTests.swift */,
				655155181DB3D59900368D35 /* DecimalNumberTypeTests.swift */,
				655155191DB3D59900368D35 /* DecimalTests.swift */,
				6551551B1DB3D59900368D35 /* LocaleTests.swift */,
				6551551C1DB3D59900368D35 /* MoneyTests.swift */,
				6551551D1DB3D59900368D35 /* NSDecimalNumberTests.swift */,
				6551551E1DB3D59900368D35 /* NSDecimalTests.swift */,
			);
			path = Tests;
			sourceTree = "<group>";
		};
		65599E601DB3CF2E00EC123C = {
			isa = PBXGroup;
			children = (
				65599E8A1DB3D2D500EC123C /* Sources */,
				655155141DB3D59900368D35 /* Tests */,
				655155131DB3D56400368D35 /* ... */,
				65ECB2BE1DB4134C00F96F46 /* Autogenerate */,
			);
			sourceTree = "<group>";
		};
		65599E671DB3CFD300EC123C /* Supporting Files */ = {
			isa = PBXGroup;
			children = (
				65599E6A1DB3CFD300EC123C /* Money.h */,
				65599E691DB3CFD300EC123C /* Info.plist */,
				65599E681DB3CFD300EC123C /* Generate.swift */,
				655155101DB3D45100368D35 /* Carthage.xcconfig */,
				65599E6B1DB3CFD300EC123C /* Money.xcconfig */,
				65599E6C1DB3CFD300EC123C /* Version.xcconfig */,
				65AA39ED1DFEF418000942A7 /* Warnings.xcconfig */,
			);
			path = "Supporting Files";
			sourceTree = "<group>";
		};
		65599E731DB3D17E00EC123C /* Products */ = {
			isa = PBXGroup;
			children = (
				65599E721DB3D17E00EC123C /* Money.framework */,
				65599E7C1DB3D17F00EC123C /* MoneyTests.xctest */,
			);
			name = Products;
			sourceTree = "<group>";
		};
		65599E8A1DB3D2D500EC123C /* Sources */ = {
			isa = PBXGroup;
			children = (
				655155111DB3D50700368D35 /* ApplePay.swift */,
				65599E8B1DB3D2D500EC123C /* Autogenerated.swift */,
				65599E8C1DB3D2D500EC123C /* Bitcoin.swift */,
				65599E8D1DB3D2D500EC123C /* Currency.swift */,
				65599E8E1DB3D2D500EC123C /* Decimal.swift */,
				65599E8F1DB3D2D500EC123C /* DecimalNumberType.swift */,
				65599E901DB3D2D500EC123C /* Locale.swift */,
				65599E911DB3D2D500EC123C /* Money.swift */,
				65599E921DB3D2D500EC123C /* NSDecimalExtensions.swift */,
				65599E931DB3D2D500EC123C /* NSDecimalNumberExtensions.swift */,
			);
			path = Sources;
			sourceTree = "<group>";
		};
		65ECB2BE1DB4134C00F96F46 /* Autogenerate */ = {
			isa = PBXGroup;
			children = (
				65ECB2BF1DB4134C00F96F46 /* Autogenerate.h */,
				65ECB2C01DB4134C00F96F46 /* Info.plist */,
			);
			path = Autogenerate;
			sourceTree = "<group>";
		};
/* End PBXGroup section */

/* Begin PBXHeadersBuildPhase section */
		65599E6F1DB3D17E00EC123C /* Headers */ = {
			isa = PBXHeadersBuildPhase;
			buildActionMask = 2147483647;
			files = (
				65ECB2B11DB3DC9900F96F46 /* Money.h in Headers */,
			);
			runOnlyForDeploymentPostprocessing = 0;
		};
/* End PBXHeadersBuildPhase section */

/* Begin PBXNativeTarget section */
		65599E711DB3D17E00EC123C /* Money */ = {
			isa = PBXNativeTarget;
			buildConfigurationList = 65599E881DB3D17F00EC123C /* Build configuration list for PBXNativeTarget "Money" */;
			buildPhases = (
				65599E6D1DB3D17E00EC123C /* Sources */,
				65599E6E1DB3D17E00EC123C /* Frameworks */,
				65599E6F1DB3D17E00EC123C /* Headers */,
				65599E701DB3D17E00EC123C /* Resources */,
			);
			buildRules = (
			);
			dependencies = (
				652899921DB3D96B0099D541 /* PBXTargetDependency */,
			);
			name = Money;
			productName = Money;
			productReference = 65599E721DB3D17E00EC123C /* Money.framework */;
			productType = "com.apple.product-type.framework";
		};
		65599E7B1DB3D17F00EC123C /* MoneyTests */ = {
			isa = PBXNativeTarget;
			buildConfigurationList = 65599E891DB3D17F00EC123C /* Build configuration list for PBXNativeTarget "MoneyTests" */;
			buildPhases = (
				65599E781DB3D17F00EC123C /* Sources */,
				65599E791DB3D17F00EC123C /* Frameworks */,
				65599E7A1DB3D17F00EC123C /* Resources */,
				65ECB2B21DB3DD9F00F96F46 /* Copy Carthage Frameworks */,
			);
			buildRules = (
			);
			dependencies = (
				65599E7F1DB3D17F00EC123C /* PBXTargetDependency */,
			);
			name = MoneyTests;
			productName = MoneyTests;
			productReference = 65599E7C1DB3D17F00EC123C /* MoneyTests.xctest */;
			productType = "com.apple.product-type.bundle.unit-test";
		};
/* End PBXNativeTarget section */

/* Begin PBXProject section */
		65599E611DB3CF2E00EC123C /* Project object */ = {
			isa = PBXProject;
			attributes = {
				LastSwiftUpdateCheck = 0730;
				LastUpgradeCheck = 0800;
				TargetAttributes = {
					65599E711DB3D17E00EC123C = {
						CreatedOnToolsVersion = 7.3.1;
						LastSwiftMigration = 0800;
					};
					65599E7B1DB3D17F00EC123C = {
						CreatedOnToolsVersion = 7.3.1;
					};
					65687D5B1DB3D8B70016FB31 = {
						CreatedOnToolsVersion = 7.3.1;
					};
				};
			};
			buildConfigurationList = 65599E641DB3CF2E00EC123C /* Build configuration list for PBXProject "Money" */;
			compatibilityVersion = "Xcode 3.2";
			developmentRegion = English;
			hasScannedForEncodings = 0;
			knownRegions = (
				en,
			);
			mainGroup = 65599E601DB3CF2E00EC123C;
			productRefGroup = 65599E731DB3D17E00EC123C /* Products */;
			projectDirPath = "";
			projectRoot = "";
			targets = (
				65687D5B1DB3D8B70016FB31 /* Generate Swift */,
				65599E711DB3D17E00EC123C /* Money */,
				65599E7B1DB3D17F00EC123C /* MoneyTests */,
			);
		};
/* End PBXProject section */

/* Begin PBXResourcesBuildPhase section */
		65599E701DB3D17E00EC123C /* Resources */ = {
			isa = PBXResourcesBuildPhase;
			buildActionMask = 2147483647;
			files = (
			);
			runOnlyForDeploymentPostprocessing = 0;
		};
		65599E7A1DB3D17F00EC123C /* Resources */ = {
			isa = PBXResourcesBuildPhase;
			buildActionMask = 2147483647;
			files = (
			);
			runOnlyForDeploymentPostprocessing = 0;
		};
/* End PBXResourcesBuildPhase section */

/* Begin PBXShellScriptBuildPhase section */
		65687D5F1DB3D8C30016FB31 /* Generate Swift */ = {
			isa = PBXShellScriptBuildPhase;
			buildActionMask = 2147483647;
			files = (
			);
			inputPaths = (
				"$(SRCROOT)/Supporting Files/Generate.swift",
			);
			name = "Generate Swift";
			outputPaths = (
				"$(SRCROOT)/Sources/Autogenerated.swift",
				"$(SRCROOT)/Tests/AutogeneratedTests.swift",
			);
			runOnlyForDeploymentPostprocessing = 0;
			shellPath = /bin/sh;
			shellScript = "\"$SCRIPT_INPUT_FILE_0\" \"$SCRIPT_OUTPUT_FILE_0\" \"$SCRIPT_OUTPUT_FILE_1\"";
			showEnvVarsInLog = 0;
		};
		65ECB2B21DB3DD9F00F96F46 /* Copy Carthage Frameworks */ = {
			isa = PBXShellScriptBuildPhase;
			buildActionMask = 2147483647;
			files = (
			);
			inputPaths = (
				ValueCoding,
			);
			name = "Copy Carthage Frameworks";
			outputPaths = (
			);
			runOnlyForDeploymentPostprocessing = 0;
			shellPath = /bin/sh;
			shellScript = "case \"$PLATFORM_NAME\" in\nmacosx) plat=Mac;;\niphone*) plat=iOS;;\nwatch*) plat=watchOS;;\nappletv*) plat=tvOS;;\n*) echo \"error: Unknown PLATFORM_NAME: $PLATFORM_NAME\"; exit 1;;\nesac\nfor (( n = 0; n < SCRIPT_INPUT_FILE_COUNT; n++ )); do\nVAR=SCRIPT_INPUT_FILE_$n\nframework=$(basename \"${!VAR}\")\nexport SCRIPT_INPUT_FILE_$n=\"$SRCROOT\"/Carthage/Build/$plat/\"$framework\".framework\ndone\n\n/usr/local/bin/carthage copy-frameworks || exit\n\nfor (( n = 0; n < SCRIPT_INPUT_FILE_COUNT; n++ )); do\nVAR=SCRIPT_INPUT_FILE_$n\nsource=${!VAR}.dSYM\ndest=${BUILT_PRODUCTS_DIR}/$(basename \"$source\")\nditto \"$source\" \"$dest\" || exit\ndone";
			showEnvVarsInLog = 0;
		};
/* End PBXShellScriptBuildPhase section */

/* Begin PBXSourcesBuildPhase section */
		65599E6D1DB3D17E00EC123C /* Sources */ = {
			isa = PBXSourcesBuildPhase;
			buildActionMask = 2147483647;
			files = (
				65599E971DB3D2D500EC123C /* Currency.swift in Sources */,
				65599E9D1DB3D2D500EC123C /* NSDecimalNumberExtensions.swift in Sources */,
				65599E961DB3D2D500EC123C /* Bitcoin.swift in Sources */,
				65599E9B1DB3D2D500EC123C /* Money.swift in Sources */,
				65599E991DB3D2D500EC123C /* DecimalNumberType.swift in Sources */,
				65599E9C1DB3D2D500EC123C /* NSDecimalExtensions.swift in Sources */,
				65599E951DB3D2D500EC123C /* Autogenerated.swift in Sources */,
				65599E981DB3D2D500EC123C /* Decimal.swift in Sources */,
				655155121DB3D50700368D35 /* ApplePay.swift in Sources */,
				65599E9A1DB3D2D500EC123C /* Locale.swift in Sources */,
			);
			runOnlyForDeploymentPostprocessing = 0;
		};
		65599E781DB3D17F00EC123C /* Sources */ = {
			isa = PBXSourcesBuildPhase;
			buildActionMask = 2147483647;
			files = (
				655155231DB3D59900368D35 /* DecimalTests.swift in Sources */,
				655155271DB3D59900368D35 /* NSDecimalNumberTests.swift in Sources */,
				655155221DB3D59900368D35 /* DecimalNumberTypeTests.swift in Sources */,
				655155211DB3D59900368D35 /* BitcoinTests.swift in Sources */,
				655155201DB3D59900368D35 /* AutogeneratedTests.swift in Sources */,
				6551551F1DB3D59900368D35 /* ApplePayTests.swift in Sources */,
				655155251DB3D59900368D35 /* LocaleTests.swift in Sources */,
				655155281DB3D59900368D35 /* NSDecimalTests.swift in Sources */,
				655155261DB3D59900368D35 /* MoneyTests.swift in Sources */,
			);
			runOnlyForDeploymentPostprocessing = 0;
		};
/* End PBXSourcesBuildPhase section */

/* Begin PBXTargetDependency section */
		652899921DB3D96B0099D541 /* PBXTargetDependency */ = {
			isa = PBXTargetDependency;
			target = 65687D5B1DB3D8B70016FB31 /* Generate Swift */;
			targetProxy = 652899911DB3D96B0099D541 /* PBXContainerItemProxy */;
		};
		65599E7F1DB3D17F00EC123C /* PBXTargetDependency */ = {
			isa = PBXTargetDependency;
			target = 65599E711DB3D17E00EC123C /* Money */;
			targetProxy = 65599E7E1DB3D17F00EC123C /* PBXContainerItemProxy */;
		};
/* End PBXTargetDependency section */

/* Begin XCBuildConfiguration section */
		65599E651DB3CF2E00EC123C /* Debug */ = {
			isa = XCBuildConfiguration;
			baseConfigurationReference = 65599E6B1DB3CFD300EC123C /* Money.xcconfig */;
			buildSettings = {
				ENABLE_TESTABILITY = YES;
				ONLY_ACTIVE_ARCH = YES;
			};
			name = Debug;
		};
		65599E661DB3CF2E00EC123C /* Release */ = {
			isa = XCBuildConfiguration;
			baseConfigurationReference = 65599E6B1DB3CFD300EC123C /* Money.xcconfig */;
			buildSettings = {
				SWIFT_OPTIMIZATION_LEVEL = "-Owholemodule";
			};
			name = Release;
		};
		65599E841DB3D17F00EC123C /* Debug */ = {
			isa = XCBuildConfiguration;
			buildSettings = {
				ALWAYS_SEARCH_USER_PATHS = NO;
				CLANG_ANALYZER_NONNULL = YES;
				CLANG_CXX_LANGUAGE_STANDARD = "gnu++0x";
				CLANG_CXX_LIBRARY = "libc++";
				CLANG_ENABLE_MODULES = YES;
				CLANG_ENABLE_OBJC_ARC = YES;
				CLANG_WARN_BOOL_CONVERSION = YES;
				CLANG_WARN_CONSTANT_CONVERSION = YES;
				CLANG_WARN_DIRECT_OBJC_ISA_USAGE = YES_ERROR;
				CLANG_WARN_EMPTY_BODY = YES;
				CLANG_WARN_ENUM_CONVERSION = YES;
				CLANG_WARN_INT_CONVERSION = YES;
				CLANG_WARN_OBJC_ROOT_CLASS = YES_ERROR;
				CLANG_WARN_UNREACHABLE_CODE = YES;
				CLANG_WARN__DUPLICATE_METHOD_MATCH = YES;
				CODE_SIGN_IDENTITY = "";
				COMBINE_HIDPI_IMAGES = YES;
				COPY_PHASE_STRIP = NO;
				CURRENT_PROJECT_VERSION = 1;
				DEBUG_INFORMATION_FORMAT = dwarf;
				DEFINES_MODULE = YES;
				DYLIB_COMPATIBILITY_VERSION = 1;
				DYLIB_CURRENT_VERSION = 1;
				ENABLE_STRICT_OBJC_MSGSEND = YES;
				ENABLE_TESTABILITY = YES;
				FRAMEWORK_VERSION = A;
				GCC_C_LANGUAGE_STANDARD = gnu99;
				GCC_DYNAMIC_NO_PIC = NO;
				GCC_NO_COMMON_BLOCKS = YES;
				GCC_OPTIMIZATION_LEVEL = 0;
				GCC_PREPROCESSOR_DEFINITIONS = (
					"DEBUG=1",
					"$(inherited)",
				);
				GCC_WARN_64_TO_32_BIT_CONVERSION = YES;
				GCC_WARN_ABOUT_RETURN_TYPE = YES_ERROR;
				GCC_WARN_UNDECLARED_SELECTOR = YES;
				GCC_WARN_UNINITIALIZED_AUTOS = YES_AGGRESSIVE;
				GCC_WARN_UNUSED_FUNCTION = YES;
				GCC_WARN_UNUSED_VARIABLE = YES;
				LD_RUNPATH_SEARCH_PATHS = "$(inherited) @executable_path/Frameworks @loader_path/Frameworks";
				MTL_ENABLE_DEBUG_INFO = YES;
				SKIP_INSTALL = YES;
				SWIFT_OPTIMIZATION_LEVEL = "-Onone";
				VERSIONING_SYSTEM = "apple-generic";
				VERSION_INFO_PREFIX = "";
			};
			name = Debug;
		};
		65599E851DB3D17F00EC123C /* Release */ = {
			isa = XCBuildConfiguration;
			buildSettings = {
				ALWAYS_SEARCH_USER_PATHS = NO;
				CLANG_ANALYZER_NONNULL = YES;
				CLANG_CXX_LANGUAGE_STANDARD = "gnu++0x";
				CLANG_CXX_LIBRARY = "libc++";
				CLANG_ENABLE_MODULES = YES;
				CLANG_ENABLE_OBJC_ARC = YES;
				CLANG_WARN_BOOL_CONVERSION = YES;
				CLANG_WARN_CONSTANT_CONVERSION = YES;
				CLANG_WARN_DIRECT_OBJC_ISA_USAGE = YES_ERROR;
				CLANG_WARN_EMPTY_BODY = YES;
				CLANG_WARN_ENUM_CONVERSION = YES;
				CLANG_WARN_INT_CONVERSION = YES;
				CLANG_WARN_OBJC_ROOT_CLASS = YES_ERROR;
				CLANG_WARN_UNREACHABLE_CODE = YES;
				CLANG_WARN__DUPLICATE_METHOD_MATCH = YES;
				CODE_SIGN_IDENTITY = "";
				COMBINE_HIDPI_IMAGES = YES;
				COPY_PHASE_STRIP = NO;
				CURRENT_PROJECT_VERSION = 1;
				DEBUG_INFORMATION_FORMAT = "dwarf-with-dsym";
				DEFINES_MODULE = YES;
				DYLIB_COMPATIBILITY_VERSION = 1;
				DYLIB_CURRENT_VERSION = 1;
				ENABLE_NS_ASSERTIONS = NO;
				ENABLE_STRICT_OBJC_MSGSEND = YES;
				FRAMEWORK_VERSION = A;
				GCC_C_LANGUAGE_STANDARD = gnu99;
				GCC_NO_COMMON_BLOCKS = YES;
				GCC_WARN_64_TO_32_BIT_CONVERSION = YES;
				GCC_WARN_ABOUT_RETURN_TYPE = YES_ERROR;
				GCC_WARN_UNDECLARED_SELECTOR = YES;
				GCC_WARN_UNINITIALIZED_AUTOS = YES_AGGRESSIVE;
				GCC_WARN_UNUSED_FUNCTION = YES;
				GCC_WARN_UNUSED_VARIABLE = YES;
				LD_RUNPATH_SEARCH_PATHS = "$(inherited) @executable_path/Frameworks @loader_path/Frameworks";
				MTL_ENABLE_DEBUG_INFO = NO;
				SKIP_INSTALL = YES;
				VERSIONING_SYSTEM = "apple-generic";
				VERSION_INFO_PREFIX = "";
			};
			name = Release;
		};
		65599E861DB3D17F00EC123C /* Debug */ = {
			isa = XCBuildConfiguration;
			buildSettings = {
				ALWAYS_SEARCH_USER_PATHS = NO;
				CLANG_ANALYZER_NONNULL = YES;
				CLANG_CXX_LANGUAGE_STANDARD = "gnu++0x";
				CLANG_CXX_LIBRARY = "libc++";
				CLANG_ENABLE_MODULES = YES;
				CLANG_ENABLE_OBJC_ARC = YES;
				CLANG_WARN_BOOL_CONVERSION = YES;
				CLANG_WARN_CONSTANT_CONVERSION = YES;
				CLANG_WARN_DIRECT_OBJC_ISA_USAGE = YES_ERROR;
				CLANG_WARN_EMPTY_BODY = YES;
				CLANG_WARN_ENUM_CONVERSION = YES;
				CLANG_WARN_INT_CONVERSION = YES;
				CLANG_WARN_OBJC_ROOT_CLASS = YES_ERROR;
				CLANG_WARN_UNREACHABLE_CODE = YES;
				CLANG_WARN__DUPLICATE_METHOD_MATCH = YES;
				CODE_SIGN_IDENTITY = "-";
				COMBINE_HIDPI_IMAGES = YES;
				COPY_PHASE_STRIP = NO;
				DEBUG_INFORMATION_FORMAT = dwarf;
				ENABLE_STRICT_OBJC_MSGSEND = YES;
				ENABLE_TESTABILITY = YES;
				GCC_C_LANGUAGE_STANDARD = gnu99;
				GCC_DYNAMIC_NO_PIC = NO;
				GCC_NO_COMMON_BLOCKS = YES;
				GCC_OPTIMIZATION_LEVEL = 0;
				GCC_PREPROCESSOR_DEFINITIONS = (
					"DEBUG=1",
					"$(inherited)",
				);
				GCC_WARN_64_TO_32_BIT_CONVERSION = YES;
				GCC_WARN_ABOUT_RETURN_TYPE = YES_ERROR;
				GCC_WARN_UNDECLARED_SELECTOR = YES;
				GCC_WARN_UNINITIALIZED_AUTOS = YES_AGGRESSIVE;
				GCC_WARN_UNUSED_FUNCTION = YES;
				GCC_WARN_UNUSED_VARIABLE = YES;
				IPHONEOS_DEPLOYMENT_TARGET = 10.0;
				MACOSX_DEPLOYMENT_TARGET = 10.12;
				MTL_ENABLE_DEBUG_INFO = YES;
				SWIFT_OPTIMIZATION_LEVEL = "-Onone";
				TVOS_DEPLOYMENT_TARGET = 10.0;
				WATCHOS_DEPLOYMENT_TARGET = 3.0;
			};
			name = Debug;
		};
		65599E871DB3D17F00EC123C /* Release */ = {
			isa = XCBuildConfiguration;
			buildSettings = {
				ALWAYS_SEARCH_USER_PATHS = NO;
				CLANG_ANALYZER_NONNULL = YES;
				CLANG_CXX_LANGUAGE_STANDARD = "gnu++0x";
				CLANG_CXX_LIBRARY = "libc++";
				CLANG_ENABLE_MODULES = YES;
				CLANG_ENABLE_OBJC_ARC = YES;
				CLANG_WARN_BOOL_CONVERSION = YES;
				CLANG_WARN_CONSTANT_CONVERSION = YES;
				CLANG_WARN_DIRECT_OBJC_ISA_USAGE = YES_ERROR;
				CLANG_WARN_EMPTY_BODY = YES;
				CLANG_WARN_ENUM_CONVERSION = YES;
				CLANG_WARN_INT_CONVERSION = YES;
				CLANG_WARN_OBJC_ROOT_CLASS = YES_ERROR;
				CLANG_WARN_UNREACHABLE_CODE = YES;
				CLANG_WARN__DUPLICATE_METHOD_MATCH = YES;
				CODE_SIGN_IDENTITY = "-";
				COMBINE_HIDPI_IMAGES = YES;
				COPY_PHASE_STRIP = NO;
				DEBUG_INFORMATION_FORMAT = "dwarf-with-dsym";
				ENABLE_NS_ASSERTIONS = NO;
				ENABLE_STRICT_OBJC_MSGSEND = YES;
				GCC_C_LANGUAGE_STANDARD = gnu99;
				GCC_NO_COMMON_BLOCKS = YES;
				GCC_WARN_64_TO_32_BIT_CONVERSION = YES;
				GCC_WARN_ABOUT_RETURN_TYPE = YES_ERROR;
				GCC_WARN_UNDECLARED_SELECTOR = YES;
				GCC_WARN_UNINITIALIZED_AUTOS = YES_AGGRESSIVE;
				GCC_WARN_UNUSED_FUNCTION = YES;
				GCC_WARN_UNUSED_VARIABLE = YES;
				IPHONEOS_DEPLOYMENT_TARGET = 10.0;
				MACOSX_DEPLOYMENT_TARGET = 10.12;
				MTL_ENABLE_DEBUG_INFO = NO;
				TVOS_DEPLOYMENT_TARGET = 10.0;
				WATCHOS_DEPLOYMENT_TARGET = 3.0;
			};
			name = Release;
		};
		65687D5C1DB3D8B70016FB31 /* Debug */ = {
			isa = XCBuildConfiguration;
			buildSettings = {
				PRODUCT_NAME = "$(TARGET_NAME)";
			};
			name = Debug;
		};
		65687D5D1DB3D8B70016FB31 /* Release */ = {
			isa = XCBuildConfiguration;
			buildSettings = {
				PRODUCT_NAME = "$(TARGET_NAME)";
			};
			name = Release;
		};
/* End XCBuildConfiguration section */

/* Begin XCConfigurationList section */
		65599E641DB3CF2E00EC123C /* Build configuration list for PBXProject "Money" */ = {
			isa = XCConfigurationList;
			buildConfigurations = (
				65599E651DB3CF2E00EC123C /* Debug */,
				65599E661DB3CF2E00EC123C /* Release */,
			);
			defaultConfigurationIsVisible = 0;
			defaultConfigurationName = Release;
		};
		65599E881DB3D17F00EC123C /* Build configuration list for PBXNativeTarget "Money" */ = {
			isa = XCConfigurationList;
			buildConfigurations = (
				65599E841DB3D17F00EC123C /* Debug */,
				65599E851DB3D17F00EC123C /* Release */,
			);
			defaultConfigurationIsVisible = 0;
			defaultConfigurationName = Release;
		};
		65599E891DB3D17F00EC123C /* Build configuration list for PBXNativeTarget "MoneyTests" */ = {
			isa = XCConfigurationList;
			buildConfigurations = (
				65599E861DB3D17F00EC123C /* Debug */,
				65599E871DB3D17F00EC123C /* Release */,
			);
			defaultConfigurationIsVisible = 0;
			defaultConfigurationName = Release;
		};
		65687D5E1DB3D8B70016FB31 /* Build configuration list for PBXAggregateTarget "Generate Swift" */ = {
			isa = XCConfigurationList;
			buildConfigurations = (
				65687D5C1DB3D8B70016FB31 /* Debug */,
				65687D5D1DB3D8B70016FB31 /* Release */,
			);
			defaultConfigurationIsVisible = 0;
			defaultConfigurationName = Release;
		};
/* End XCConfigurationList section */
	};
	rootObject = 65599E611DB3CF2E00EC123C /* Project object */;
}
